PODS:
  - Alamofire (5.4.3)
  - CocoaLumberjack (3.7.2):
    - CocoaLumberjack/Core (= 3.7.2)
  - CocoaLumberjack/Core (3.7.2)
  - DateToolsSwift (5.0.0)
  - DeviceKit (4.4.0)
  - Differentiator (5.0.0)
  - DZNEmptyDataSet (1.8.1)
  - FLEX (4.4.1)
  - Hero (1.6.1)
  - IGListDiffKit (4.0.0)
  - IGListKit (4.0.0):
    - IGListDiffKit (= 4.0.0)
  - KeychainAccess (4.2.2)
  - Kingfisher (5.15.8):
    - Kingfisher/Core (= 5.15.8)
  - Kingfisher/Core (5.15.8)
  - "NSObject+Rx (5.2.1)":
    - RxSwift (~> 6.0)
  - NVActivityIndicatorView/Base (5.1.1)
  - NVActivityIndicatorView/Extended (5.1.1):
    - NVActivityIndicatorView/Base
  - ObjectMapper (4.2.0)
  - QuickLayout (3.0.0)
  - R.swift (5.4.0):
    - R.swift.Library (~> 5.3.0)
  - R.swift.Library (5.3.0)
  - RxAlamofire (6.1.1):
    - RxAlamofire/Core (= 6.1.1)
  - RxAlamofire/Core (6.1.1):
    - Alamofire (~> 5.4)
    - RxSwift (~> 6.0)
  - RxAnimated (0.9.0):
    - RxAnimated/Core (= 0.9.0)
    - RxCocoa (~> 6.0)
    - RxSwift (~> 6.0)
  - RxAnimated/Core (0.9.0):
    - RxCocoa (~> 6.0)
    - RxSwift (~> 6.0)
  - RxCocoa (6.2.0):
    - RxRelay (= 6.2.0)
    - RxSwift (= 6.2.0)
  - RxDataSources (5.0.0):
    - Differentiator (~> 5.0)
    - RxCocoa (~> 6.0)
    - RxSwift (~> 6.0)
  - RxGesture (4.0.2):
    - RxCocoa (~> 6.0)
    - RxSwift (~> 6.0)
  - RxKeyboard (2.0.0):
    - RxCocoa (~> 6.0)
    - RxSwift (~> 6.0)
  - RxKingfisher (2.1.0):
    - Kingfisher (~> 5)
    - RxCocoa (~> 6)
    - RxSwift (~> 6)
  - RxOptional (5.0.2):
    - RxCocoa (~> 6.0)
    - RxSwift (~> 6.0)
  - RxRelay (6.2.0):
    - RxSwift (= 6.2.0)
  - RxSwift (6.2.0)
  - RxSwiftExt (6.0.1):
    - RxSwiftExt/Core (= 6.0.1)
    - RxSwiftExt/RxCocoa (= 6.0.1)
  - RxSwiftExt/Core (6.0.1):
    - RxSwift (~> 6.0)
  - RxSwiftExt/RxCocoa (6.0.1):
    - RxCocoa (~> 6.0)
    - RxSwiftExt/Core
  - RxTheme (6.0.0):
    - RxCocoa (~> 6.0)
    - RxSwift (~> 6.0)
  - RxViewController (2.0.0):
    - RxCocoa (~> 6.0)
    - RxSwift (~> 6.0)
  - SnapKit (5.0.1)
  - SwiftDate (6.3.1)
  - SwiftEntryKit (1.2.7):
    - QuickLayout (= 3.0.0)
  - SwifterSwift (5.2.0):
    - SwifterSwift/AppKit (= 5.2.0)
    - SwifterSwift/CoreAnimation (= 5.2.0)
    - SwifterSwift/CoreGraphics (= 5.2.0)
    - SwifterSwift/CoreLocation (= 5.2.0)
    - SwifterSwift/Dispatch (= 5.2.0)
    - SwifterSwift/Foundation (= 5.2.0)
    - SwifterSwift/MapKit (= 5.2.0)
    - SwifterSwift/SceneKit (= 5.2.0)
    - SwifterSwift/SpriteKit (= 5.2.0)
    - SwifterSwift/StoreKit (= 5.2.0)
    - SwifterSwift/SwiftStdlib (= 5.2.0)
    - SwifterSwift/UIKit (= 5.2.0)
  - SwifterSwift/AppKit (5.2.0)
  - SwifterSwift/CoreAnimation (5.2.0)
  - SwifterSwift/CoreGraphics (5.2.0)
  - SwifterSwift/CoreLocation (5.2.0)
  - SwifterSwift/Dispatch (5.2.0)
  - SwifterSwift/Foundation (5.2.0)
  - SwifterSwift/MapKit (5.2.0)
  - SwifterSwift/SceneKit (5.2.0)
  - SwifterSwift/SpriteKit (5.2.0)
  - SwifterSwift/StoreKit (5.2.0)
  - SwifterSwift/SwiftStdlib (5.2.0)
  - SwifterSwift/UIKit (5.2.0)
  - SwiftMessages (9.0.3):
    - SwiftMessages/App (= 9.0.3)
  - SwiftMessages/App (9.0.3)
  - SwiftRichString (3.7.2)

DEPENDENCIES:
  - CocoaLumberjack
  - DateToolsSwift
  - DeviceKit
  - DZNEmptyDataSet
  - FLEX
  - Hero
  - IGListKit
  - KeychainAccess
  - Kingfisher
  - "NSObject+Rx"
  - NVActivityIndicatorView/Extended
  - ObjectMapper
  - R.swift
  - RxAlamofire
  - RxAnimated
  - RxCocoa
  - RxDataSources
  - RxGesture
  - RxKeyboard
  - RxKingfisher
  - RxOptional
  - RxSwift (~> 6.2.0)
  - RxSwiftExt
  - RxTheme
  - RxViewController
  - SnapKit
  - SwiftDate
  - SwiftEntryKit
  - SwifterSwift
  - SwiftMessages
  - SwiftRichString

SPEC REPOS:
  trunk:
    - Alamofire
    - CocoaLumberjack
    - DateToolsSwift
    - DeviceKit
    - Differentiator
    - DZNEmptyDataSet
    - FLEX
    - Hero
    - IGListDiffKit
    - IGListKit
    - KeychainAccess
    - Kingfisher
    - "NSObject+Rx"
    - NVActivityIndicatorView
    - ObjectMapper
    - QuickLayout
    - R.swift
    - R.swift.Library
    - RxAlamofire
    - RxAnimated
    - RxCocoa
    - RxDataSources
    - RxGesture
    - RxKeyboard
    - RxKingfisher
    - RxOptional
    - RxRelay
    - RxSwift
    - RxSwiftExt
    - RxTheme
    - RxViewController
    - SnapKit
    - SwiftDate
    - SwiftEntryKit
    - SwifterSwift
    - SwiftMessages
    - SwiftRichString

SPEC CHECKSUMS:
  Alamofire: e447a2774a40c996748296fa2c55112fdbbc42f9
  CocoaLumberjack: b7e05132ff94f6ae4dfa9d5bce9141893a21d9da
  DateToolsSwift: 4207ada6ad615d8dc076323d27037c94916dbfa6
  DeviceKit: 2c5d7485a2fa10b65c0091b2952d30843a6ba06d
  Differentiator: e8497ceab83c1b10ca233716d547b9af21b9344d
  DZNEmptyDataSet: 9525833b9e68ac21c30253e1d3d7076cc828eaa7
  FLEX: 7ca2c8cd3a435ff501ff6d2f2141e9bdc934eaab
  Hero: 215865ba3ae41dd9bb08cd6c60a645529c6fc94b
  IGListDiffKit: 665d6cf43ce726e676013db9c7d6c4294259b6b2
  IGListKit: fd5a5d21935298f5849fa49d426843cff97b77c7
  KeychainAccess: c0c4f7f38f6fc7bbe58f5702e25f7bd2f65abf51
  Kingfisher: a3c03d702433fa6cfedabb2bddbe076fb8f2e902
  "NSObject+Rx": 49ffbf55ad0bbc29a44547db63a9e33caf0c5d60
  NVActivityIndicatorView: 1f6c5687f1171810aa27a3296814dc2d7dec3667
  ObjectMapper: 1eb41f610210777375fa806bf161dc39fb832b81
  QuickLayout: 07b45a72b10083fee3f095990cfed1c1e7b27f0a
  R.swift: c533450b0f7dc494e0993f5f1a1db925d84c3006
  R.swift.Library: 0fc583cb55a99e28901299cc451614cad1161962
  RxAlamofire: beb75a1c452d0de225651db4903f5d29d034a620
  RxAnimated: e53fb66cafc0539faf881b734f7412a624527f0a
  RxCocoa: 4baf94bb35f2c0ab31bc0cb9f1900155f646ba42
  RxDataSources: aa47cc1ed6c500fa0dfecac5c979b723542d79cf
  RxGesture: f059f2aeef966fb17dad56ee440e76410f10e55f
  RxKeyboard: 4f5863f43b4ff0cbb2a20b94688d6b80c8a43c14
  RxKingfisher: a602fbf8751d756a7cc6190ddfedc2ce0d301377
  RxOptional: 3664964c96b69dd20c9cf78bdfe546615e26eca8
  RxRelay: e72dbfd157807478401ef1982e1c61c945c94b2f
  RxSwift: d356ab7bee873611322f134c5f9ef379fa183d8f
  RxSwiftExt: d61c4b9b06e0a448041b1c659e0f1b5c5a035afc
  RxTheme: be60cb14e0544b3cbd574cc37fed35ba9d61aa1f
  RxViewController: 56486fa0afd629a1d6b5ba077f3b8cd9dc31b5d2
  SnapKit: 97b92857e3df3a0c71833cce143274bf6ef8e5eb
  SwiftDate: 72d28954e8e1c6c1c0f917ccc8005e4f83c7d4b2
  SwiftEntryKit: 537c92699d6034efb1ef9c32b11e0b37c97aa589
  SwifterSwift: 334181863c416882d97b7a60c05054d9e4d799e2
  SwiftMessages: 077f19126c24033fe24042237ecc20261adb46e4
  SwiftRichString: d61b807db1f8834c26fee92b6dd3e1be2dc5af03

PODFILE CHECKSUM: f73441953c8624ebd7b38391d9e78e1e70d22f22

COCOAPODS: 1.10.1
