PODS:
  - Alamofire (4.8.2)
  - ChameleonFramework/Default (2.1.0)
  - ChameleonFramework/Swift (2.1.0):
    - ChameleonFramework/Default
  - CocoaDebug (0.6.0)
  - CocoaLumberjack/Core (3.5.2)
  - CocoaLumberjack/Swift (3.5.2):
    - CocoaLumberjack/Core
  - DateToolsSwift (4.0.0)
  - DeviceKit (2.0.0)
  - Differentiator (3.1.0)
  - DZNEmptyDataSet (1.8.1)
  - FLEX (2.4.0)
  - Hero (1.4.0)
  - IGListKit (3.4.0):
    - IGListKit/Default (= 3.4.0)
  - IGListKit/Default (3.4.0):
    - IGListKit/Diffing
  - IGListKit/Diffing (3.4.0)
  - IQKeyboardManagerSwift (6.2.1)
  - KeychainAccess (3.2.0)
  - Kingfisher (5.3.1)
  - Moya (12.0.1):
    - Moya/Core (= 12.0.1)
  - Moya-ObjectMapper/Core (2.8):
    - Moya (~> 12.0)
    - ObjectMapper (~> 3.4)
  - Moya-ObjectMapper/RxSwift (2.8):
    - Moya-ObjectMapper/Core
    - Moya/RxSwift
    - RxSwift (~> 4)
  - Moya/Core (12.0.1):
    - Alamofire (~> 4.1)
    - Result (~> 4.0)
  - Moya/RxSwift (12.0.1):
    - Moya/Core
    - RxSwift (~> 4.0)
  - netfox (1.15.0)
  - "NSObject+Rx (4.4.1)":
    - RxSwift (~> 4.3)
  - NVActivityIndicatorView (4.7.0):
    - NVActivityIndicatorView/Presenter (= 4.7.0)
  - NVActivityIndicatorView/Presenter (4.7.0)
  - ObjectMapper (3.4.2)
  - QuickLayout (3.0.0)
  - R.swift (5.0.3):
    - R.swift.Library (~> 5.0.0)
  - R.swift.Library (5.0.1)
  - ReachabilitySwift (4.3.1)
  - Result (4.1.0)
  - RxCocoa (4.5.0):
    - RxSwift (>= 4.4.2, ~> 4.4)
  - RxDataSources (3.1.0):
    - Differentiator (~> 3.0)
    - RxCocoa (~> 4.0)
    - RxSwift (~> 4.0)
  - RxGesture (2.2.0):
    - RxCocoa (~> 4.5)
    - RxSwift (~> 4.5)
  - RxOptional (3.6.2):
    - RxCocoa (~> 4.0)
    - RxSwift (~> 4.0)
  - RxSwift (4.5.0)
  - RxSwiftExt (3.4.0):
    - RxSwiftExt/Core (= 3.4.0)
    - RxSwiftExt/RxCocoa (= 3.4.0)
  - RxSwiftExt/Core (3.4.0):
    - RxSwift (~> 4.0)
  - RxSwiftExt/RxCocoa (3.4.0):
    - RxCocoa (~> 4.0)
    - RxSwiftExt/Core
  - RxTheme (3.3.0):
    - RxCocoa (>= 4.4.2, ~> 4.4)
    - RxSwift (>= 4.4.2, ~> 4.4)
  - RxViewController (0.4.1):
    - RxCocoa (>= 4.0.0)
    - RxSwift (>= 4.0.0)
  - SnapKit (4.2.0)
  - SwiftDate (6.0.2)
  - SwiftEntryKit (1.0.1):
    - QuickLayout (= 3.0.0)
  - SwifterSwift (5.0.0):
    - SwifterSwift/AppKit (= 5.0.0)
    - SwifterSwift/CoreGraphics (= 5.0.0)
    - SwifterSwift/CoreLocation (= 5.0.0)
    - SwifterSwift/Dispatch (= 5.0.0)
    - SwifterSwift/Foundation (= 5.0.0)
    - SwifterSwift/MapKit (= 5.0.0)
    - SwifterSwift/SpriteKit (= 5.0.0)
    - SwifterSwift/SwiftStdlib (= 5.0.0)
    - SwifterSwift/UIKit (= 5.0.0)
  - SwifterSwift/AppKit (5.0.0)
  - SwifterSwift/CoreGraphics (5.0.0)
  - SwifterSwift/CoreLocation (5.0.0)
  - SwifterSwift/Dispatch (5.0.0)
  - SwifterSwift/Foundation (5.0.0)
  - SwifterSwift/MapKit (5.0.0)
  - SwifterSwift/SpriteKit (5.0.0)
  - SwifterSwift/SwiftStdlib (5.0.0)
  - SwifterSwift/UIKit (5.0.0)
  - SwiftMessages (6.0.2):
    - SwiftMessages/App (= 6.0.2)
  - SwiftMessages/App (6.0.2)
  - SwiftRichString (3.0.0)

DEPENDENCIES:
  - ChameleonFramework/Swift (from `https://github.com/ViccAlexander/Chameleon.git`)
  - CocoaDebug
  - CocoaLumberjack/Swift (~> 3.5.2)
  - DateToolsSwift
  - DeviceKit
  - DZNEmptyDataSet
  - FLEX
  - Hero
  - IGListKit
  - IQKeyboardManagerSwift
  - KeychainAccess
  - Kingfisher
  - Moya-ObjectMapper/RxSwift
  - Moya/RxSwift
  - netfox
  - "NSObject+Rx"
  - NVActivityIndicatorView
  - R.swift
  - ReachabilitySwift
  - RxCocoa
  - RxDataSources
  - RxGesture
  - RxOptional
  - RxSwift
  - RxSwiftExt
  - RxTheme
  - RxViewController
  - SnapKit
  - SwiftDate
  - SwiftEntryKit
  - SwifterSwift
  - SwiftMessages
  - SwiftRichString

SPEC REPOS:
  https://github.com/cocoapods/specs.git:
    - Alamofire
    - CocoaDebug
    - CocoaLumberjack
    - DateToolsSwift
    - DeviceKit
    - Differentiator
    - DZNEmptyDataSet
    - FLEX
    - Hero
    - IGListKit
    - IQKeyboardManagerSwift
    - KeychainAccess
    - Kingfisher
    - Moya
    - Moya-ObjectMapper
    - netfox
    - "NSObject+Rx"
    - NVActivityIndicatorView
    - ObjectMapper
    - QuickLayout
    - R.swift
    - R.swift.Library
    - ReachabilitySwift
    - Result
    - RxCocoa
    - RxDataSources
    - RxGesture
    - RxOptional
    - RxSwift
    - RxSwiftExt
    - RxTheme
    - RxViewController
    - SnapKit
    - SwiftDate
    - SwiftEntryKit
    - SwifterSwift
    - SwiftMessages
    - SwiftRichString

EXTERNAL SOURCES:
  ChameleonFramework:
    :git: https://github.com/ViccAlexander/Chameleon.git

CHECKOUT OPTIONS:
  ChameleonFramework:
    :commit: 6dd284bde21ea2e7f9fd89bc36f40df16e16369d
    :git: https://github.com/ViccAlexander/Chameleon.git

SPEC CHECKSUMS:
  Alamofire: ae5c501addb7afdbb13687d7f2f722c78734c2d3
  ChameleonFramework: d21a3cc247abfe5e37609a283a8238b03575cf64
  CocoaDebug: 32e6e78409d461b5a88f95e2f677be6ad158084c
  CocoaLumberjack: 118bf4a820efc641f79fa487b75ed928dccfae23
  DateToolsSwift: 875d97ff9e3a5d54abdd67a269b3f51c757b71ab
  DeviceKit: 72d36709552d4b3582abd76a53949148acad9811
  Differentiator: be49ca3408f0ecfc761e4c7763d20c62be01b9ad
  DZNEmptyDataSet: 9525833b9e68ac21c30253e1d3d7076cc828eaa7
  FLEX: bd1a39e55b56bb413b6f1b34b3c10a0dc44ef079
  Hero: bac92350d7201a1a940003e0767c7b52ce7c99a1
  IGListKit: 7a5d788e9fb746bcd402baa8e8b24bc3bd2a5a07
  IQKeyboardManagerSwift: 0f0ae8935360b4003e6ea1ac7c19898f01e2f7c7
  KeychainAccess: 3b1bf8a77eb4c6ea1ce9404c292e48f948954c6b
  Kingfisher: d9e7e0b209b59b8f9873aa2f37654e81a7beea51
  Moya: cf730b3cd9e005401ef37a85143aa141a12fd38f
  Moya-ObjectMapper: c514b5eafcfd5e260f85f7a5bf66895a217e2b37
  netfox: 6ddcca687ad0a58550054fea481cb487461b5e0c
  "NSObject+Rx": 9884a92f19b610795c431e10b4e601913b59c9e9
  NVActivityIndicatorView: b19ddab2576f805cbe0fb2306cba3476e09a1dea
  ObjectMapper: 0d4402610f4e468903ae64629eec4784531e5c51
  QuickLayout: 07b45a72b10083fee3f095990cfed1c1e7b27f0a
  R.swift: f5a87643b91ea569d23d6afb3eee9c743edde239
  R.swift.Library: cfe85d569d9bae6cb262922db130e7c3a7a5fad1
  ReachabilitySwift: 4032e2f59586e11e3b0ebe15b167abdd587a388b
  Result: bd966fac789cc6c1563440b348ab2598cc24d5c7
  RxCocoa: cbf70265dc65a981d4ac982e513c10cf23df24a0
  RxDataSources: a843bad90c29817f5923ec8163f4af2de084ceb3
  RxGesture: c1b7bf17166b0ef9d642a9510f8bac5785f18990
  RxOptional: 80426a0ddbd092573e4c482d8cc13302078c4d5e
  RxSwift: f172070dfd1a93d70a9ab97a5a01166206e1c575
  RxSwiftExt: 01f8ecbeeb355698e9c75365ebe908b00dacf45d
  RxTheme: 40fdcdeba539402beface070d8472e8d0db78d66
  RxViewController: e93e7c233d5b5b62c32231d69726d55f54081bc6
  SnapKit: fe8a619752f3f27075cc9a90244d75c6c3f27e2a
  SwiftDate: bbed9b23bfec599bd62b9a305afc554f7bd0eb6f
  SwiftEntryKit: 3f55c0b8e676afe24a3703237bcac68372891c56
  SwifterSwift: 96f90594b370802f01647c2b1229c74a84ffafee
  SwiftMessages: 8b3cc68dba2f1c91aac1a74c90b10287aac35371
  SwiftRichString: 5cb4860df3dc8e4d9087d7b948b210177342c3da

PODFILE CHECKSUM: 5bd0d8d6cde657b2a2701cbcecba7777c2890f9a

COCOAPODS: 1.6.1
