// !$*UTF8*$!
{
	archiveVersion = 1;
	classes = {
	};
	objectVersion = 50;
	objects = {

/* Begin PBXBuildFile section */
		0CF5EF9E2E874BAF62BD522A /* Pods_DreamClockTests.framework in Frameworks */ = {isa = PBXBuildFile; fileRef = 668E924B65372536E809AE1F /* Pods_DreamClockTests.framework */; };
		3A0B3C8BCE0A99BF5CB41C60 /* Pods_DreamClock.framework in Frameworks */ = {isa = PBXBuildFile; fileRef = 6992769CB7C46056A5673451 /* Pods_DreamClock.framework */; };
		610ECCB0C4DAB1BCACD16F6B /* Pods_DreamClockUITests.framework in Frameworks */ = {isa = PBXBuildFile; fileRef = 1DE615ED0D42B6BC26A24F35 /* Pods_DreamClockUITests.framework */; };
		A40D03E921C1F5EF00EAB2B1 /* UIWindow+Extension.swift in Sources */ = {isa = PBXBuildFile; fileRef = A40D03E821C1F5EF00EAB2B1 /* UIWindow+Extension.swift */; };
		A40D03EB21C1FA7A00EAB2B1 /* AlarmScheduler.swift in Sources */ = {isa = PBXBuildFile; fileRef = A40D03EA21C1FA7A00EAB2B1 /* AlarmScheduler.swift */; };
		A40D03ED21C20D3F00EAB2B1 /* Calendar+Extension.swift in Sources */ = {isa = PBXBuildFile; fileRef = A40D03EC21C20D3F00EAB2B1 /* Calendar+Extension.swift */; };
		A40D03EF21C2410C00EAB2B1 /* RxIGListKit.swift in Sources */ = {isa = PBXBuildFile; fileRef = A40D03EE21C2410C00EAB2B1 /* RxIGListKit.swift */; };
		A40D03F121C2485500EAB2B1 /* AlarmListController.swift in Sources */ = {isa = PBXBuildFile; fileRef = A40D03F021C2485500EAB2B1 /* AlarmListController.swift */; };
		A40D03F721C263EC00EAB2B1 /* FeedbackManager.swift in Sources */ = {isa = PBXBuildFile; fileRef = A40D03F621C263EC00EAB2B1 /* FeedbackManager.swift */; };
		A40D03FB21C2877C00EAB2B1 /* bell.mp3 in Resources */ = {isa = PBXBuildFile; fileRef = A40D03F921C2877C00EAB2B1 /* bell.mp3 */; };
		A40D03FC21C2877C00EAB2B1 /* tickle.mp3 in Resources */ = {isa = PBXBuildFile; fileRef = A40D03FA21C2877C00EAB2B1 /* tickle.mp3 */; };
		A40D03FE21C34BB600EAB2B1 /* AlarmAddEditViewController.swift in Sources */ = {isa = PBXBuildFile; fileRef = A40D03FD21C34BB600EAB2B1 /* AlarmAddEditViewController.swift */; };
		A40D040021C36EF800EAB2B1 /* Device+Extension.swift in Sources */ = {isa = PBXBuildFile; fileRef = A40D03FF21C36EF800EAB2B1 /* Device+Extension.swift */; };
		A40D040221C3871200EAB2B1 /* SoundManager.swift in Sources */ = {isa = PBXBuildFile; fileRef = A40D040121C3871200EAB2B1 /* SoundManager.swift */; };
		A40D043621C7862F00EAB2B1 /* IconViewModel.swift in Sources */ = {isa = PBXBuildFile; fileRef = A40D043521C7862F00EAB2B1 /* IconViewModel.swift */; };
		A40D043A21C7868600EAB2B1 /* IconCellViewModel.swift in Sources */ = {isa = PBXBuildFile; fileRef = A40D043921C7868600EAB2B1 /* IconCellViewModel.swift */; };
		A40D045F21C7950000EAB2B1 /* IconManager.swift in Sources */ = {isa = PBXBuildFile; fileRef = A40D045E21C7950000EAB2B1 /* IconManager.swift */; };
		A40D046121C88B6100EAB2B1 /* IconViewController.swift in Sources */ = {isa = PBXBuildFile; fileRef = A40D046021C88B6100EAB2B1 /* IconViewController.swift */; };
		A40D046321C88BA600EAB2B1 /* IconCell.swift in Sources */ = {isa = PBXBuildFile; fileRef = A40D046221C88BA600EAB2B1 /* IconCell.swift */; };
		A40D047C21C899F900EAB2B1 /* AppIcon-Small-40@3x.png in Resources */ = {isa = PBXBuildFile; fileRef = A40D047421C899F800EAB2B1 /* AppIcon-Small-40@3x.png */; };
		A40D047D21C899F900EAB2B1 /* AppIcon-60@2x.png in Resources */ = {isa = PBXBuildFile; fileRef = A40D047521C899F800EAB2B1 /* AppIcon-60@2x.png */; };
		A40D047E21C899F900EAB2B1 /* AppIcon-60@3x.png in Resources */ = {isa = PBXBuildFile; fileRef = A40D047621C899F900EAB2B1 /* AppIcon-60@3x.png */; };
		A40D047F21C899F900EAB2B1 /* AppIcon-Small@2x.png in Resources */ = {isa = PBXBuildFile; fileRef = A40D047721C899F900EAB2B1 /* AppIcon-Small@2x.png */; };
		A40D048021C899F900EAB2B1 /* AppIcon-Small@3x.png in Resources */ = {isa = PBXBuildFile; fileRef = A40D047821C899F900EAB2B1 /* AppIcon-Small@3x.png */; };
		A40D048121C899F900EAB2B1 /* AppIcon-Notification@2x.png in Resources */ = {isa = PBXBuildFile; fileRef = A40D047921C899F900EAB2B1 /* AppIcon-Notification@2x.png */; };
		A40D048221C899F900EAB2B1 /* AppIcon-Notification@3x.png in Resources */ = {isa = PBXBuildFile; fileRef = A40D047A21C899F900EAB2B1 /* AppIcon-Notification@3x.png */; };
		A40D048321C899F900EAB2B1 /* AppIcon-Small-40@2x.png in Resources */ = {isa = PBXBuildFile; fileRef = A40D047B21C899F900EAB2B1 /* AppIcon-Small-40@2x.png */; };
		A40D048C21C89C2E00EAB2B1 /* DarkMode-AppIcon-60@2x.png in Resources */ = {isa = PBXBuildFile; fileRef = A40D048421C89C2D00EAB2B1 /* DarkMode-AppIcon-60@2x.png */; };
		A40D048D21C89C2E00EAB2B1 /* DarkMode-AppIcon-Small@2x.png in Resources */ = {isa = PBXBuildFile; fileRef = A40D048521C89C2D00EAB2B1 /* DarkMode-AppIcon-Small@2x.png */; };
		A40D048E21C89C2E00EAB2B1 /* DarkMode-AppIcon-Small-40@3x.png in Resources */ = {isa = PBXBuildFile; fileRef = A40D048621C89C2D00EAB2B1 /* DarkMode-AppIcon-Small-40@3x.png */; };
		A40D048F21C89C2E00EAB2B1 /* DarkMode-AppIcon-Notification@2x.png in Resources */ = {isa = PBXBuildFile; fileRef = A40D048721C89C2D00EAB2B1 /* DarkMode-AppIcon-Notification@2x.png */; };
		A40D049021C89C2E00EAB2B1 /* DarkMode-AppIcon-Notification@3x.png in Resources */ = {isa = PBXBuildFile; fileRef = A40D048821C89C2D00EAB2B1 /* DarkMode-AppIcon-Notification@3x.png */; };
		A40D049121C89C2E00EAB2B1 /* DarkMode-AppIcon-Small-40@2x.png in Resources */ = {isa = PBXBuildFile; fileRef = A40D048921C89C2D00EAB2B1 /* DarkMode-AppIcon-Small-40@2x.png */; };
		A40D049221C89C2E00EAB2B1 /* DarkMode-AppIcon-Small@3x.png in Resources */ = {isa = PBXBuildFile; fileRef = A40D048A21C89C2E00EAB2B1 /* DarkMode-AppIcon-Small@3x.png */; };
		A40D049321C89C2E00EAB2B1 /* DarkMode-AppIcon-60@3x.png in Resources */ = {isa = PBXBuildFile; fileRef = A40D048B21C89C2E00EAB2B1 /* DarkMode-AppIcon-60@3x.png */; };
		A40D068921C8FC6400EAB2B1 /* CountryEnsign.bundle in Resources */ = {isa = PBXBuildFile; fileRef = A40D068821C8FC6400EAB2B1 /* CountryEnsign.bundle */; };
		A40D06C621D36F3300EAB2B1 /* LanguageSection.swift in Sources */ = {isa = PBXBuildFile; fileRef = A40D06C521D36F3300EAB2B1 /* LanguageSection.swift */; };
		A42F0E43217E29CB00009369 /* Launch Screen.storyboard in Resources */ = {isa = PBXBuildFile; fileRef = A42F0E45217E29CB00009369 /* Launch Screen.storyboard */; };
		A42F0E52217F1DFD00009369 /* SettingsViewController.swift in Sources */ = {isa = PBXBuildFile; fileRef = A42F0E51217F1DFD00009369 /* SettingsViewController.swift */; };
		A42F0E54217F1E0900009369 /* SettingsViewModel.swift in Sources */ = {isa = PBXBuildFile; fileRef = A42F0E53217F1E0900009369 /* SettingsViewModel.swift */; };
		A42F0E56217F1E1E00009369 /* EventsViewController.swift in Sources */ = {isa = PBXBuildFile; fileRef = A42F0E55217F1E1E00009369 /* EventsViewController.swift */; };
		A42F0E58217F1E2A00009369 /* EventsViewModel.swift in Sources */ = {isa = PBXBuildFile; fileRef = A42F0E57217F1E2A00009369 /* EventsViewModel.swift */; };
		A42F0E5A217F247200009369 /* ViewController.swift in Sources */ = {isa = PBXBuildFile; fileRef = A42F0E59217F247200009369 /* ViewController.swift */; };
		A42F0E5C217F251800009369 /* StackView.swift in Sources */ = {isa = PBXBuildFile; fileRef = A42F0E5B217F251800009369 /* StackView.swift */; };
		A42F0E5F217F25F300009369 /* Configs.swift in Sources */ = {isa = PBXBuildFile; fileRef = A42F0E5E217F25F300009369 /* Configs.swift */; };
		A42F0E61217F267900009369 /* UIFont+Dream.swift in Sources */ = {isa = PBXBuildFile; fileRef = A42F0E60217F267900009369 /* UIFont+Dream.swift */; };
		A42F0E63217F272700009369 /* View.swift in Sources */ = {isa = PBXBuildFile; fileRef = A42F0E62217F272700009369 /* View.swift */; };
		A42F0E65217F594200009369 /* TableViewController.swift in Sources */ = {isa = PBXBuildFile; fileRef = A42F0E64217F594200009369 /* TableViewController.swift */; };
		A42F0E68217F5BFA00009369 /* Observable+Operators.swift in Sources */ = {isa = PBXBuildFile; fileRef = A42F0E67217F5BFA00009369 /* Observable+Operators.swift */; };
		A42F0E6B217F60E900009369 /* AlarmModel.swift in Sources */ = {isa = PBXBuildFile; fileRef = A42F0E6A217F60E900009369 /* AlarmModel.swift */; };
		A42F0E6E217F62BD00009369 /* PropertyReflectable.swift in Sources */ = {isa = PBXBuildFile; fileRef = A42F0E6D217F62BD00009369 /* PropertyReflectable.swift */; };
		A42F0E70217F63F000009369 /* Persistable.swift in Sources */ = {isa = PBXBuildFile; fileRef = A42F0E6F217F63EF00009369 /* Persistable.swift */; };
		A42F0E72217F658900009369 /* Identifier.swift in Sources */ = {isa = PBXBuildFile; fileRef = A42F0E71217F658900009369 /* Identifier.swift */; };
		A42F0E75217F69C600009369 /* TableViewCell.swift in Sources */ = {isa = PBXBuildFile; fileRef = A42F0E74217F69C600009369 /* TableViewCell.swift */; };
		A42F0E79217F6A3D00009369 /* SimpleTableViewCell.swift in Sources */ = {isa = PBXBuildFile; fileRef = A42F0E78217F6A3D00009369 /* SimpleTableViewCell.swift */; };
		A42F0E7B217F6A6400009369 /* ImageView.swift in Sources */ = {isa = PBXBuildFile; fileRef = A42F0E7A217F6A6400009369 /* ImageView.swift */; };
		A42F0E7E217F6AE500009369 /* UIColor+Dream.swift in Sources */ = {isa = PBXBuildFile; fileRef = A42F0E7D217F6AE500009369 /* UIColor+Dream.swift */; };
		A42F0E80217F6C8500009369 /* Label.swift in Sources */ = {isa = PBXBuildFile; fileRef = A42F0E7F217F6C8500009369 /* Label.swift */; };
		A42F0E83217F71C700009369 /* SettingsDisclosureCell.swift in Sources */ = {isa = PBXBuildFile; fileRef = A42F0E82217F71C700009369 /* SettingsDisclosureCell.swift */; };
		A42F0E85217F71E100009369 /* SettingsDisclosureCellViewModel.swift in Sources */ = {isa = PBXBuildFile; fileRef = A42F0E84217F71E100009369 /* SettingsDisclosureCellViewModel.swift */; };
		A42F0E87217F725F00009369 /* SettingsModel.swift in Sources */ = {isa = PBXBuildFile; fileRef = A42F0E86217F725F00009369 /* SettingsModel.swift */; };
		A42F0E89217F743000009369 /* SettingsSection.swift in Sources */ = {isa = PBXBuildFile; fileRef = A42F0E88217F743000009369 /* SettingsSection.swift */; };
		A42F0E8B217F795700009369 /* SettingsSwitchCell.swift in Sources */ = {isa = PBXBuildFile; fileRef = A42F0E8A217F795700009369 /* SettingsSwitchCell.swift */; };
		A42F0E8D217F79A100009369 /* SettingsSwitchCellViewModel.swift in Sources */ = {isa = PBXBuildFile; fileRef = A42F0E8C217F79A100009369 /* SettingsSwitchCellViewModel.swift */; };
		A42F0E8F217F79E700009369 /* Switch.swift in Sources */ = {isa = PBXBuildFile; fileRef = A42F0E8E217F79E700009369 /* Switch.swift */; };
		A42F0E922180073500009369 /* ThemeViewModel.swift in Sources */ = {isa = PBXBuildFile; fileRef = A42F0E912180073500009369 /* ThemeViewModel.swift */; };
		A42F0E942180075800009369 /* ThemeViewController.swift in Sources */ = {isa = PBXBuildFile; fileRef = A42F0E932180075800009369 /* ThemeViewController.swift */; };
		A42F0E9621800B7000009369 /* ThemeCell.swift in Sources */ = {isa = PBXBuildFile; fileRef = A42F0E9521800B7000009369 /* ThemeCell.swift */; };
		A42F0E9821800B8F00009369 /* ThemeCellViewModel.swift in Sources */ = {isa = PBXBuildFile; fileRef = A42F0E9721800B8F00009369 /* ThemeCellViewModel.swift */; };
		A42F0E9B21801E9900009369 /* LanguageViewController.swift in Sources */ = {isa = PBXBuildFile; fileRef = A42F0E9A21801E9900009369 /* LanguageViewController.swift */; };
		A42F0E9D21801EB300009369 /* LanguageViewModel.swift in Sources */ = {isa = PBXBuildFile; fileRef = A42F0E9C21801EB300009369 /* LanguageViewModel.swift */; };
		A42F0E9F21806B5D00009369 /* LanguageCell.swift in Sources */ = {isa = PBXBuildFile; fileRef = A42F0E9E21806B5D00009369 /* LanguageCell.swift */; };
		A42F0EA121806B7900009369 /* LanguageCellViewModel.swift in Sources */ = {isa = PBXBuildFile; fileRef = A42F0EA021806B7900009369 /* LanguageCellViewModel.swift */; };
		A42F0EAB21808A5B00009369 /* Localizable.strings in Resources */ = {isa = PBXBuildFile; fileRef = A42F0EAD21808A5B00009369 /* Localizable.strings */; };
		A42F0EB32180925B00009369 /* infoPlist.strings in Resources */ = {isa = PBXBuildFile; fileRef = A42F0EB52180925B00009369 /* infoPlist.strings */; };
		A42F0EC32181B75E00009369 /* LanguageManager.swift in Sources */ = {isa = PBXBuildFile; fileRef = A42F0EC22181B75E00009369 /* LanguageManager.swift */; };
		A463F7C3217DE9F900EE055A /* Main.storyboard in Resources */ = {isa = PBXBuildFile; fileRef = A463F7C1217DE9F900EE055A /* Main.storyboard */; };
		A463F7C5217DE9FB00EE055A /* Assets.xcassets in Resources */ = {isa = PBXBuildFile; fileRef = A463F7C4217DE9FB00EE055A /* Assets.xcassets */; };
		A463F7D3217DE9FB00EE055A /* DreamClockTests.swift in Sources */ = {isa = PBXBuildFile; fileRef = A463F7D2217DE9FB00EE055A /* DreamClockTests.swift */; };
		A463F7DE217DE9FB00EE055A /* DreamClockUITests.swift in Sources */ = {isa = PBXBuildFile; fileRef = A463F7DD217DE9FB00EE055A /* DreamClockUITests.swift */; };
		A463F7EE217DF48C00EE055A /* R.generated.swift in Sources */ = {isa = PBXBuildFile; fileRef = A463F7ED217DF48C00EE055A /* R.generated.swift */; };
		A463F7F4217DF58C00EE055A /* LibsManager.swift in Sources */ = {isa = PBXBuildFile; fileRef = A463F7F3217DF58C00EE055A /* LibsManager.swift */; };
		A463F7FF217E0B9200EE055A /* AppDelegate.swift in Sources */ = {isa = PBXBuildFile; fileRef = A463F7FE217E0B9200EE055A /* AppDelegate.swift */; };
		A463F80B217E0CC100EE055A /* Navigator.swift in Sources */ = {isa = PBXBuildFile; fileRef = A463F80A217E0CC100EE055A /* Navigator.swift */; };
		A463F80D217E0D8800EE055A /* Application.swift in Sources */ = {isa = PBXBuildFile; fileRef = A463F80C217E0D8800EE055A /* Application.swift */; };
		A463F810217E0F2000EE055A /* MainTabBarController.swift in Sources */ = {isa = PBXBuildFile; fileRef = A463F80F217E0F2000EE055A /* MainTabBarController.swift */; };
		A463F812217E0F3C00EE055A /* MainTabBarViewModel.swift in Sources */ = {isa = PBXBuildFile; fileRef = A463F811217E0F3C00EE055A /* MainTabBarViewModel.swift */; };
		A463F814217E0F6300EE055A /* ViewModelType.swift in Sources */ = {isa = PBXBuildFile; fileRef = A463F813217E0F6300EE055A /* ViewModelType.swift */; };
		A463F816217E0FCE00EE055A /* DreamAPI.swift in Sources */ = {isa = PBXBuildFile; fileRef = A463F815217E0FCE00EE055A /* DreamAPI.swift */; };
		A463F818217E100800EE055A /* LogManager.swift in Sources */ = {isa = PBXBuildFile; fileRef = A463F817217E100800EE055A /* LogManager.swift */; };
		A463F81B217E107B00EE055A /* AlarmViewModel.swift in Sources */ = {isa = PBXBuildFile; fileRef = A463F81A217E107B00EE055A /* AlarmViewModel.swift */; };
		A463F81D217E108700EE055A /* AlarmMainViewController.swift in Sources */ = {isa = PBXBuildFile; fileRef = A463F81C217E108700EE055A /* AlarmMainViewController.swift */; };
		A463F81F217E118900EE055A /* NavigationController.swift in Sources */ = {isa = PBXBuildFile; fileRef = A463F81E217E118900EE055A /* NavigationController.swift */; };
		A463F821217E153600EE055A /* Image.xcassets in Resources */ = {isa = PBXBuildFile; fileRef = A463F820217E153600EE055A /* Image.xcassets */; };
		A463F823217E160200EE055A /* ThemeManager.swift in Sources */ = {isa = PBXBuildFile; fileRef = A463F822217E160200EE055A /* ThemeManager.swift */; };
		A4D7B80F21C1017000CC7177 /* AlarmSchedulerProtocol.swift in Sources */ = {isa = PBXBuildFile; fileRef = A4D7B80E21C1017000CC7177 /* AlarmSchedulerProtocol.swift */; };
		A4D7B81121C1043600CC7177 /* AlarmApplicationProtocol.swift in Sources */ = {isa = PBXBuildFile; fileRef = A4D7B81021C1043600CC7177 /* AlarmApplicationProtocol.swift */; };
		A4D7B81421C1339800CC7177 /* Defaults.swift in Sources */ = {isa = PBXBuildFile; fileRef = A4D7B81321C1339800CC7177 /* Defaults.swift */; };
		A4D7B81821C13FA400CC7177 /* DispatchQueue+Extension.swift in Sources */ = {isa = PBXBuildFile; fileRef = A4D7B81721C13FA400CC7177 /* DispatchQueue+Extension.swift */; };
/* End PBXBuildFile section */

/* Begin PBXContainerItemProxy section */
		A463F7CF217DE9FB00EE055A /* PBXContainerItemProxy */ = {
			isa = PBXContainerItemProxy;
			containerPortal = A463F7B2217DE9F900EE055A /* Project object */;
			proxyType = 1;
			remoteGlobalIDString = A463F7B9217DE9F900EE055A;
			remoteInfo = DreamClock;
		};
		A463F7DA217DE9FB00EE055A /* PBXContainerItemProxy */ = {
			isa = PBXContainerItemProxy;
			containerPortal = A463F7B2217DE9F900EE055A /* Project object */;
			proxyType = 1;
			remoteGlobalIDString = A463F7B9217DE9F900EE055A;
			remoteInfo = DreamClock;
		};
/* End PBXContainerItemProxy section */

/* Begin PBXFileReference section */
		1DE615ED0D42B6BC26A24F35 /* Pods_DreamClockUITests.framework */ = {isa = PBXFileReference; explicitFileType = wrapper.framework; includeInIndex = 0; path = Pods_DreamClockUITests.framework; sourceTree = BUILT_PRODUCTS_DIR; };
		4A254640EC4D9130964EB9E4 /* Pods-DreamClockTests.debug.xcconfig */ = {isa = PBXFileReference; includeInIndex = 1; lastKnownFileType = text.xcconfig; name = "Pods-DreamClockTests.debug.xcconfig"; path = "Pods/Target Support Files/Pods-DreamClockTests/Pods-DreamClockTests.debug.xcconfig"; sourceTree = "<group>"; };
		593B7E3C24C5053FC9AD697E /* Pods-DreamClock.debug.xcconfig */ = {isa = PBXFileReference; includeInIndex = 1; lastKnownFileType = text.xcconfig; name = "Pods-DreamClock.debug.xcconfig"; path = "Pods/Target Support Files/Pods-DreamClock/Pods-DreamClock.debug.xcconfig"; sourceTree = "<group>"; };
		668E924B65372536E809AE1F /* Pods_DreamClockTests.framework */ = {isa = PBXFileReference; explicitFileType = wrapper.framework; includeInIndex = 0; path = Pods_DreamClockTests.framework; sourceTree = BUILT_PRODUCTS_DIR; };
		6992769CB7C46056A5673451 /* Pods_DreamClock.framework */ = {isa = PBXFileReference; explicitFileType = wrapper.framework; includeInIndex = 0; path = Pods_DreamClock.framework; sourceTree = BUILT_PRODUCTS_DIR; };
		775A0E2953C49A855F0D4CD1 /* Pods-DreamClockTests.release.xcconfig */ = {isa = PBXFileReference; includeInIndex = 1; lastKnownFileType = text.xcconfig; name = "Pods-DreamClockTests.release.xcconfig"; path = "Pods/Target Support Files/Pods-DreamClockTests/Pods-DreamClockTests.release.xcconfig"; sourceTree = "<group>"; };
		926DFA8B2268A4440090BD9B /* en-GB */ = {isa = PBXFileReference; lastKnownFileType = text.plist.strings; name = "en-GB"; path = "en-GB.lproj/Launch Screen.strings"; sourceTree = "<group>"; };
		926DFA8D2268A4480090BD9B /* zh-Hans */ = {isa = PBXFileReference; lastKnownFileType = text.plist.strings; name = "zh-Hans"; path = "zh-Hans.lproj/Launch Screen.strings"; sourceTree = "<group>"; };
		926DFA8F2268A44C0090BD9B /* en-AU */ = {isa = PBXFileReference; lastKnownFileType = text.plist.strings; name = "en-AU"; path = "en-AU.lproj/Launch Screen.strings"; sourceTree = "<group>"; };
		926DFA912268A4500090BD9B /* en-IN */ = {isa = PBXFileReference; lastKnownFileType = text.plist.strings; name = "en-IN"; path = "en-IN.lproj/Launch Screen.strings"; sourceTree = "<group>"; };
		926DFA932268A4510090BD9B /* zh-Hant */ = {isa = PBXFileReference; lastKnownFileType = text.plist.strings; name = "zh-Hant"; path = "zh-Hant.lproj/Launch Screen.strings"; sourceTree = "<group>"; };
		926DFA952268A4520090BD9B /* zh-HK */ = {isa = PBXFileReference; lastKnownFileType = text.plist.strings; name = "zh-HK"; path = "zh-HK.lproj/Launch Screen.strings"; sourceTree = "<group>"; };
		926DFA972268A4530090BD9B /* ja */ = {isa = PBXFileReference; lastKnownFileType = text.plist.strings; name = ja; path = "ja.lproj/Launch Screen.strings"; sourceTree = "<group>"; };
		926DFA992268A4540090BD9B /* es */ = {isa = PBXFileReference; lastKnownFileType = text.plist.strings; name = es; path = "es.lproj/Launch Screen.strings"; sourceTree = "<group>"; };
		926DFA9B2268A4550090BD9B /* fr */ = {isa = PBXFileReference; lastKnownFileType = text.plist.strings; name = fr; path = "fr.lproj/Launch Screen.strings"; sourceTree = "<group>"; };
		926DFA9D2268A4560090BD9B /* de */ = {isa = PBXFileReference; lastKnownFileType = text.plist.strings; name = de; path = "de.lproj/Launch Screen.strings"; sourceTree = "<group>"; };
		926DFA9F2268A4560090BD9B /* ru */ = {isa = PBXFileReference; lastKnownFileType = text.plist.strings; name = ru; path = "ru.lproj/Launch Screen.strings"; sourceTree = "<group>"; };
		926DFAA12268A4580090BD9B /* it */ = {isa = PBXFileReference; lastKnownFileType = text.plist.strings; name = it; path = "it.lproj/Launch Screen.strings"; sourceTree = "<group>"; };
		926DFAA32268A4590090BD9B /* ko */ = {isa = PBXFileReference; lastKnownFileType = text.plist.strings; name = ko; path = "ko.lproj/Launch Screen.strings"; sourceTree = "<group>"; };
		926DFAA52268A45A0090BD9B /* nl */ = {isa = PBXFileReference; lastKnownFileType = text.plist.strings; name = nl; path = "nl.lproj/Launch Screen.strings"; sourceTree = "<group>"; };
		926DFAA62268A4810090BD9B /* Base */ = {isa = PBXFileReference; lastKnownFileType = text.plist.strings; name = Base; path = Base.lproj/Localizable.strings; sourceTree = "<group>"; };
		926DFAA72268A4970090BD9B /* Base */ = {isa = PBXFileReference; lastKnownFileType = text.plist.strings; name = Base; path = Base.lproj/infoPlist.strings; sourceTree = "<group>"; };
		926DFAA92268A56D0090BD9B /* zh-Hans */ = {isa = PBXFileReference; lastKnownFileType = text.plist.strings; name = "zh-Hans"; path = "zh-Hans.lproj/Main.strings"; sourceTree = "<group>"; };
		926DFAAB2268A5710090BD9B /* en-GB */ = {isa = PBXFileReference; lastKnownFileType = text.plist.strings; name = "en-GB"; path = "en-GB.lproj/Main.strings"; sourceTree = "<group>"; };
		926DFAAD2268A5720090BD9B /* en-AU */ = {isa = PBXFileReference; lastKnownFileType = text.plist.strings; name = "en-AU"; path = "en-AU.lproj/Main.strings"; sourceTree = "<group>"; };
		926DFAAF2268A5730090BD9B /* en-IN */ = {isa = PBXFileReference; lastKnownFileType = text.plist.strings; name = "en-IN"; path = "en-IN.lproj/Main.strings"; sourceTree = "<group>"; };
		926DFAB12268A5750090BD9B /* zh-Hant */ = {isa = PBXFileReference; lastKnownFileType = text.plist.strings; name = "zh-Hant"; path = "zh-Hant.lproj/Main.strings"; sourceTree = "<group>"; };
		926DFAB32268A5760090BD9B /* zh-HK */ = {isa = PBXFileReference; lastKnownFileType = text.plist.strings; name = "zh-HK"; path = "zh-HK.lproj/Main.strings"; sourceTree = "<group>"; };
		926DFAB52268A57A0090BD9B /* ja */ = {isa = PBXFileReference; lastKnownFileType = text.plist.strings; name = ja; path = ja.lproj/Main.strings; sourceTree = "<group>"; };
		926DFAB72268A57B0090BD9B /* es */ = {isa = PBXFileReference; lastKnownFileType = text.plist.strings; name = es; path = es.lproj/Main.strings; sourceTree = "<group>"; };
		926DFAB92268A57C0090BD9B /* fr */ = {isa = PBXFileReference; lastKnownFileType = text.plist.strings; name = fr; path = fr.lproj/Main.strings; sourceTree = "<group>"; };
		926DFABB2268A57E0090BD9B /* de */ = {isa = PBXFileReference; lastKnownFileType = text.plist.strings; name = de; path = de.lproj/Main.strings; sourceTree = "<group>"; };
		926DFABD2268A57F0090BD9B /* ru */ = {isa = PBXFileReference; lastKnownFileType = text.plist.strings; name = ru; path = ru.lproj/Main.strings; sourceTree = "<group>"; };
		926DFABF2268A5800090BD9B /* it */ = {isa = PBXFileReference; lastKnownFileType = text.plist.strings; name = it; path = it.lproj/Main.strings; sourceTree = "<group>"; };
		926DFAC12268A5810090BD9B /* ko */ = {isa = PBXFileReference; lastKnownFileType = text.plist.strings; name = ko; path = ko.lproj/Main.strings; sourceTree = "<group>"; };
		926DFAC32268A5820090BD9B /* nl */ = {isa = PBXFileReference; lastKnownFileType = text.plist.strings; name = nl; path = nl.lproj/Main.strings; sourceTree = "<group>"; };
		A40D03E821C1F5EF00EAB2B1 /* UIWindow+Extension.swift */ = {isa = PBXFileReference; lastKnownFileType = sourcecode.swift; path = "UIWindow+Extension.swift"; sourceTree = "<group>"; };
		A40D03EA21C1FA7A00EAB2B1 /* AlarmScheduler.swift */ = {isa = PBXFileReference; lastKnownFileType = sourcecode.swift; path = AlarmScheduler.swift; sourceTree = "<group>"; };
		A40D03EC21C20D3F00EAB2B1 /* Calendar+Extension.swift */ = {isa = PBXFileReference; lastKnownFileType = sourcecode.swift; path = "Calendar+Extension.swift"; sourceTree = "<group>"; };
		A40D03EE21C2410C00EAB2B1 /* RxIGListKit.swift */ = {isa = PBXFileReference; lastKnownFileType = sourcecode.swift; path = RxIGListKit.swift; sourceTree = "<group>"; };
		A40D03F021C2485500EAB2B1 /* AlarmListController.swift */ = {isa = PBXFileReference; lastKnownFileType = sourcecode.swift; path = AlarmListController.swift; sourceTree = "<group>"; };
		A40D03F621C263EC00EAB2B1 /* FeedbackManager.swift */ = {isa = PBXFileReference; fileEncoding = 4; lastKnownFileType = sourcecode.swift; path = FeedbackManager.swift; sourceTree = "<group>"; };
		A40D03F921C2877C00EAB2B1 /* bell.mp3 */ = {isa = PBXFileReference; lastKnownFileType = audio.mp3; path = bell.mp3; sourceTree = "<group>"; };
		A40D03FA21C2877C00EAB2B1 /* tickle.mp3 */ = {isa = PBXFileReference; lastKnownFileType = audio.mp3; path = tickle.mp3; sourceTree = "<group>"; };
		A40D03FD21C34BB600EAB2B1 /* AlarmAddEditViewController.swift */ = {isa = PBXFileReference; lastKnownFileType = sourcecode.swift; path = AlarmAddEditViewController.swift; sourceTree = "<group>"; };
		A40D03FF21C36EF800EAB2B1 /* Device+Extension.swift */ = {isa = PBXFileReference; lastKnownFileType = sourcecode.swift; path = "Device+Extension.swift"; sourceTree = "<group>"; };
		A40D040121C3871200EAB2B1 /* SoundManager.swift */ = {isa = PBXFileReference; lastKnownFileType = sourcecode.swift; path = SoundManager.swift; sourceTree = "<group>"; };
		A40D043521C7862F00EAB2B1 /* IconViewModel.swift */ = {isa = PBXFileReference; lastKnownFileType = sourcecode.swift; path = IconViewModel.swift; sourceTree = "<group>"; };
		A40D043921C7868600EAB2B1 /* IconCellViewModel.swift */ = {isa = PBXFileReference; lastKnownFileType = sourcecode.swift; path = IconCellViewModel.swift; sourceTree = "<group>"; };
		A40D045E21C7950000EAB2B1 /* IconManager.swift */ = {isa = PBXFileReference; lastKnownFileType = sourcecode.swift; path = IconManager.swift; sourceTree = "<group>"; };
		A40D046021C88B6100EAB2B1 /* IconViewController.swift */ = {isa = PBXFileReference; lastKnownFileType = sourcecode.swift; path = IconViewController.swift; sourceTree = "<group>"; };
		A40D046221C88BA600EAB2B1 /* IconCell.swift */ = {isa = PBXFileReference; lastKnownFileType = sourcecode.swift; path = IconCell.swift; sourceTree = "<group>"; };
		A40D047421C899F800EAB2B1 /* AppIcon-Small-40@3x.png */ = {isa = PBXFileReference; lastKnownFileType = image.png; path = "AppIcon-Small-40@3x.png"; sourceTree = "<group>"; };
		A40D047521C899F800EAB2B1 /* AppIcon-60@2x.png */ = {isa = PBXFileReference; lastKnownFileType = image.png; path = "AppIcon-60@2x.png"; sourceTree = "<group>"; };
		A40D047621C899F900EAB2B1 /* AppIcon-60@3x.png */ = {isa = PBXFileReference; lastKnownFileType = image.png; path = "AppIcon-60@3x.png"; sourceTree = "<group>"; };
		A40D047721C899F900EAB2B1 /* AppIcon-Small@2x.png */ = {isa = PBXFileReference; lastKnownFileType = image.png; path = "AppIcon-Small@2x.png"; sourceTree = "<group>"; };
		A40D047821C899F900EAB2B1 /* AppIcon-Small@3x.png */ = {isa = PBXFileReference; lastKnownFileType = image.png; path = "AppIcon-Small@3x.png"; sourceTree = "<group>"; };
		A40D047921C899F900EAB2B1 /* AppIcon-Notification@2x.png */ = {isa = PBXFileReference; lastKnownFileType = image.png; path = "AppIcon-Notification@2x.png"; sourceTree = "<group>"; };
		A40D047A21C899F900EAB2B1 /* AppIcon-Notification@3x.png */ = {isa = PBXFileReference; lastKnownFileType = image.png; path = "AppIcon-Notification@3x.png"; sourceTree = "<group>"; };
		A40D047B21C899F900EAB2B1 /* AppIcon-Small-40@2x.png */ = {isa = PBXFileReference; lastKnownFileType = image.png; path = "AppIcon-Small-40@2x.png"; sourceTree = "<group>"; };
		A40D048421C89C2D00EAB2B1 /* DarkMode-AppIcon-60@2x.png */ = {isa = PBXFileReference; lastKnownFileType = image.png; path = "DarkMode-AppIcon-60@2x.png"; sourceTree = "<group>"; };
		A40D048521C89C2D00EAB2B1 /* DarkMode-AppIcon-Small@2x.png */ = {isa = PBXFileReference; lastKnownFileType = image.png; path = "DarkMode-AppIcon-Small@2x.png"; sourceTree = "<group>"; };
		A40D048621C89C2D00EAB2B1 /* DarkMode-AppIcon-Small-40@3x.png */ = {isa = PBXFileReference; lastKnownFileType = image.png; path = "DarkMode-AppIcon-Small-40@3x.png"; sourceTree = "<group>"; };
		A40D048721C89C2D00EAB2B1 /* DarkMode-AppIcon-Notification@2x.png */ = {isa = PBXFileReference; lastKnownFileType = image.png; path = "DarkMode-AppIcon-Notification@2x.png"; sourceTree = "<group>"; };
		A40D048821C89C2D00EAB2B1 /* DarkMode-AppIcon-Notification@3x.png */ = {isa = PBXFileReference; lastKnownFileType = image.png; path = "DarkMode-AppIcon-Notification@3x.png"; sourceTree = "<group>"; };
		A40D048921C89C2D00EAB2B1 /* DarkMode-AppIcon-Small-40@2x.png */ = {isa = PBXFileReference; lastKnownFileType = image.png; path = "DarkMode-AppIcon-Small-40@2x.png"; sourceTree = "<group>"; };
		A40D048A21C89C2E00EAB2B1 /* DarkMode-AppIcon-Small@3x.png */ = {isa = PBXFileReference; lastKnownFileType = image.png; path = "DarkMode-AppIcon-Small@3x.png"; sourceTree = "<group>"; };
		A40D048B21C89C2E00EAB2B1 /* DarkMode-AppIcon-60@3x.png */ = {isa = PBXFileReference; lastKnownFileType = image.png; path = "DarkMode-AppIcon-60@3x.png"; sourceTree = "<group>"; };
		A40D05B221C8E98E00EAB2B1 /* en-GB */ = {isa = PBXFileReference; lastKnownFileType = text.plist.strings; name = "en-GB"; path = "en-GB.lproj/Localizable.strings"; sourceTree = "<group>"; };
		A40D05B321C8E98E00EAB2B1 /* en-GB */ = {isa = PBXFileReference; lastKnownFileType = text.plist.strings; name = "en-GB"; path = "en-GB.lproj/infoPlist.strings"; sourceTree = "<group>"; };
		A40D05B621C8E99300EAB2B1 /* en-AU */ = {isa = PBXFileReference; lastKnownFileType = text.plist.strings; name = "en-AU"; path = "en-AU.lproj/Localizable.strings"; sourceTree = "<group>"; };
		A40D05B721C8E99300EAB2B1 /* en-AU */ = {isa = PBXFileReference; lastKnownFileType = text.plist.strings; name = "en-AU"; path = "en-AU.lproj/infoPlist.strings"; sourceTree = "<group>"; };
		A40D05BA21C8E99A00EAB2B1 /* en-IN */ = {isa = PBXFileReference; lastKnownFileType = text.plist.strings; name = "en-IN"; path = "en-IN.lproj/Localizable.strings"; sourceTree = "<group>"; };
		A40D05BB21C8E99A00EAB2B1 /* en-IN */ = {isa = PBXFileReference; lastKnownFileType = text.plist.strings; name = "en-IN"; path = "en-IN.lproj/infoPlist.strings"; sourceTree = "<group>"; };
		A40D05BE21C8E9A700EAB2B1 /* zh-Hant */ = {isa = PBXFileReference; lastKnownFileType = text.plist.strings; name = "zh-Hant"; path = "zh-Hant.lproj/Localizable.strings"; sourceTree = "<group>"; };
		A40D05BF21C8E9A700EAB2B1 /* zh-Hant */ = {isa = PBXFileReference; lastKnownFileType = text.plist.strings; name = "zh-Hant"; path = "zh-Hant.lproj/infoPlist.strings"; sourceTree = "<group>"; };
		A40D05C221C8E9AB00EAB2B1 /* zh-HK */ = {isa = PBXFileReference; lastKnownFileType = text.plist.strings; name = "zh-HK"; path = "zh-HK.lproj/Localizable.strings"; sourceTree = "<group>"; };
		A40D05C321C8E9AB00EAB2B1 /* zh-HK */ = {isa = PBXFileReference; lastKnownFileType = text.plist.strings; name = "zh-HK"; path = "zh-HK.lproj/infoPlist.strings"; sourceTree = "<group>"; };
		A40D05C621C8E9B300EAB2B1 /* ja */ = {isa = PBXFileReference; lastKnownFileType = text.plist.strings; name = ja; path = ja.lproj/Localizable.strings; sourceTree = "<group>"; };
		A40D05C721C8E9B300EAB2B1 /* ja */ = {isa = PBXFileReference; lastKnownFileType = text.plist.strings; name = ja; path = ja.lproj/infoPlist.strings; sourceTree = "<group>"; };
		A40D05CA21C8E9B800EAB2B1 /* es */ = {isa = PBXFileReference; lastKnownFileType = text.plist.strings; name = es; path = es.lproj/Localizable.strings; sourceTree = "<group>"; };
		A40D05CB21C8E9B800EAB2B1 /* es */ = {isa = PBXFileReference; lastKnownFileType = text.plist.strings; name = es; path = es.lproj/infoPlist.strings; sourceTree = "<group>"; };
		A40D05CE21C8E9BF00EAB2B1 /* fr */ = {isa = PBXFileReference; lastKnownFileType = text.plist.strings; name = fr; path = fr.lproj/Localizable.strings; sourceTree = "<group>"; };
		A40D05CF21C8E9BF00EAB2B1 /* fr */ = {isa = PBXFileReference; lastKnownFileType = text.plist.strings; name = fr; path = fr.lproj/infoPlist.strings; sourceTree = "<group>"; };
		A40D05D221C8E9C400EAB2B1 /* de */ = {isa = PBXFileReference; lastKnownFileType = text.plist.strings; name = de; path = de.lproj/Localizable.strings; sourceTree = "<group>"; };
		A40D05D321C8E9C500EAB2B1 /* de */ = {isa = PBXFileReference; lastKnownFileType = text.plist.strings; name = de; path = de.lproj/infoPlist.strings; sourceTree = "<group>"; };
		A40D05D621C8E9CA00EAB2B1 /* ru */ = {isa = PBXFileReference; lastKnownFileType = text.plist.strings; name = ru; path = ru.lproj/Localizable.strings; sourceTree = "<group>"; };
		A40D05D721C8E9CA00EAB2B1 /* ru */ = {isa = PBXFileReference; lastKnownFileType = text.plist.strings; name = ru; path = ru.lproj/infoPlist.strings; sourceTree = "<group>"; };
		A40D05DA21C8E9D000EAB2B1 /* it */ = {isa = PBXFileReference; lastKnownFileType = text.plist.strings; name = it; path = it.lproj/Localizable.strings; sourceTree = "<group>"; };
		A40D05DB21C8E9D000EAB2B1 /* it */ = {isa = PBXFileReference; lastKnownFileType = text.plist.strings; name = it; path = it.lproj/infoPlist.strings; sourceTree = "<group>"; };
		A40D05DE21C8E9D700EAB2B1 /* ko */ = {isa = PBXFileReference; lastKnownFileType = text.plist.strings; name = ko; path = ko.lproj/Localizable.strings; sourceTree = "<group>"; };
		A40D05DF21C8E9D700EAB2B1 /* ko */ = {isa = PBXFileReference; lastKnownFileType = text.plist.strings; name = ko; path = ko.lproj/infoPlist.strings; sourceTree = "<group>"; };
		A40D05E221C8E9DD00EAB2B1 /* nl */ = {isa = PBXFileReference; lastKnownFileType = text.plist.strings; name = nl; path = nl.lproj/Localizable.strings; sourceTree = "<group>"; };
		A40D05E321C8E9DD00EAB2B1 /* nl */ = {isa = PBXFileReference; lastKnownFileType = text.plist.strings; name = nl; path = nl.lproj/infoPlist.strings; sourceTree = "<group>"; };
		A40D068821C8FC6400EAB2B1 /* CountryEnsign.bundle */ = {isa = PBXFileReference; lastKnownFileType = "wrapper.plug-in"; path = CountryEnsign.bundle; sourceTree = "<group>"; };
		A40D06C521D36F3300EAB2B1 /* LanguageSection.swift */ = {isa = PBXFileReference; lastKnownFileType = sourcecode.swift; path = LanguageSection.swift; sourceTree = "<group>"; };
		A42F0E44217E29CB00009369 /* Base */ = {isa = PBXFileReference; lastKnownFileType = file.storyboard; name = Base; path = "Base.lproj/Launch Screen.storyboard"; sourceTree = "<group>"; };
		A42F0E47217E29CC00009369 /* en */ = {isa = PBXFileReference; lastKnownFileType = text.plist.strings; name = en; path = "en.lproj/Launch Screen.strings"; sourceTree = "<group>"; };
		A42F0E51217F1DFD00009369 /* SettingsViewController.swift */ = {isa = PBXFileReference; lastKnownFileType = sourcecode.swift; path = SettingsViewController.swift; sourceTree = "<group>"; };
		A42F0E53217F1E0900009369 /* SettingsViewModel.swift */ = {isa = PBXFileReference; lastKnownFileType = sourcecode.swift; path = SettingsViewModel.swift; sourceTree = "<group>"; };
		A42F0E55217F1E1E00009369 /* EventsViewController.swift */ = {isa = PBXFileReference; lastKnownFileType = sourcecode.swift; path = EventsViewController.swift; sourceTree = "<group>"; };
		A42F0E57217F1E2A00009369 /* EventsViewModel.swift */ = {isa = PBXFileReference; lastKnownFileType = sourcecode.swift; path = EventsViewModel.swift; sourceTree = "<group>"; };
		A42F0E59217F247200009369 /* ViewController.swift */ = {isa = PBXFileReference; lastKnownFileType = sourcecode.swift; path = ViewController.swift; sourceTree = "<group>"; };
		A42F0E5B217F251800009369 /* StackView.swift */ = {isa = PBXFileReference; lastKnownFileType = sourcecode.swift; path = StackView.swift; sourceTree = "<group>"; };
		A42F0E5E217F25F300009369 /* Configs.swift */ = {isa = PBXFileReference; lastKnownFileType = sourcecode.swift; path = Configs.swift; sourceTree = "<group>"; };
		A42F0E60217F267900009369 /* UIFont+Dream.swift */ = {isa = PBXFileReference; lastKnownFileType = sourcecode.swift; path = "UIFont+Dream.swift"; sourceTree = "<group>"; };
		A42F0E62217F272700009369 /* View.swift */ = {isa = PBXFileReference; lastKnownFileType = sourcecode.swift; path = View.swift; sourceTree = "<group>"; };
		A42F0E64217F594200009369 /* TableViewController.swift */ = {isa = PBXFileReference; lastKnownFileType = sourcecode.swift; path = TableViewController.swift; sourceTree = "<group>"; };
		A42F0E67217F5BFA00009369 /* Observable+Operators.swift */ = {isa = PBXFileReference; lastKnownFileType = sourcecode.swift; path = "Observable+Operators.swift"; sourceTree = "<group>"; };
		A42F0E6A217F60E900009369 /* AlarmModel.swift */ = {isa = PBXFileReference; lastKnownFileType = sourcecode.swift; path = AlarmModel.swift; sourceTree = "<group>"; };
		A42F0E6D217F62BD00009369 /* PropertyReflectable.swift */ = {isa = PBXFileReference; lastKnownFileType = sourcecode.swift; path = PropertyReflectable.swift; sourceTree = "<group>"; };
		A42F0E6F217F63EF00009369 /* Persistable.swift */ = {isa = PBXFileReference; lastKnownFileType = sourcecode.swift; path = Persistable.swift; sourceTree = "<group>"; };
		A42F0E71217F658900009369 /* Identifier.swift */ = {isa = PBXFileReference; lastKnownFileType = sourcecode.swift; path = Identifier.swift; sourceTree = "<group>"; };
		A42F0E74217F69C600009369 /* TableViewCell.swift */ = {isa = PBXFileReference; lastKnownFileType = sourcecode.swift; path = TableViewCell.swift; sourceTree = "<group>"; };
		A42F0E78217F6A3D00009369 /* SimpleTableViewCell.swift */ = {isa = PBXFileReference; lastKnownFileType = sourcecode.swift; path = SimpleTableViewCell.swift; sourceTree = "<group>"; };
		A42F0E7A217F6A6400009369 /* ImageView.swift */ = {isa = PBXFileReference; lastKnownFileType = sourcecode.swift; path = ImageView.swift; sourceTree = "<group>"; };
		A42F0E7D217F6AE500009369 /* UIColor+Dream.swift */ = {isa = PBXFileReference; lastKnownFileType = sourcecode.swift; path = "UIColor+Dream.swift"; sourceTree = "<group>"; };
		A42F0E7F217F6C8500009369 /* Label.swift */ = {isa = PBXFileReference; lastKnownFileType = sourcecode.swift; path = Label.swift; sourceTree = "<group>"; };
		A42F0E82217F71C700009369 /* SettingsDisclosureCell.swift */ = {isa = PBXFileReference; lastKnownFileType = sourcecode.swift; path = SettingsDisclosureCell.swift; sourceTree = "<group>"; };
		A42F0E84217F71E100009369 /* SettingsDisclosureCellViewModel.swift */ = {isa = PBXFileReference; lastKnownFileType = sourcecode.swift; path = SettingsDisclosureCellViewModel.swift; sourceTree = "<group>"; };
		A42F0E86217F725F00009369 /* SettingsModel.swift */ = {isa = PBXFileReference; lastKnownFileType = sourcecode.swift; path = SettingsModel.swift; sourceTree = "<group>"; };
		A42F0E88217F743000009369 /* SettingsSection.swift */ = {isa = PBXFileReference; lastKnownFileType = sourcecode.swift; path = SettingsSection.swift; sourceTree = "<group>"; };
		A42F0E8A217F795700009369 /* SettingsSwitchCell.swift */ = {isa = PBXFileReference; lastKnownFileType = sourcecode.swift; path = SettingsSwitchCell.swift; sourceTree = "<group>"; };
		A42F0E8C217F79A100009369 /* SettingsSwitchCellViewModel.swift */ = {isa = PBXFileReference; lastKnownFileType = sourcecode.swift; path = SettingsSwitchCellViewModel.swift; sourceTree = "<group>"; };
		A42F0E8E217F79E700009369 /* Switch.swift */ = {isa = PBXFileReference; lastKnownFileType = sourcecode.swift; path = Switch.swift; sourceTree = "<group>"; };
		A42F0E912180073500009369 /* ThemeViewModel.swift */ = {isa = PBXFileReference; lastKnownFileType = sourcecode.swift; path = ThemeViewModel.swift; sourceTree = "<group>"; };
		A42F0E932180075800009369 /* ThemeViewController.swift */ = {isa = PBXFileReference; lastKnownFileType = sourcecode.swift; path = ThemeViewController.swift; sourceTree = "<group>"; };
		A42F0E9521800B7000009369 /* ThemeCell.swift */ = {isa = PBXFileReference; lastKnownFileType = sourcecode.swift; path = ThemeCell.swift; sourceTree = "<group>"; };
		A42F0E9721800B8F00009369 /* ThemeCellViewModel.swift */ = {isa = PBXFileReference; lastKnownFileType = sourcecode.swift; path = ThemeCellViewModel.swift; sourceTree = "<group>"; };
		A42F0E9A21801E9900009369 /* LanguageViewController.swift */ = {isa = PBXFileReference; lastKnownFileType = sourcecode.swift; path = LanguageViewController.swift; sourceTree = "<group>"; };
		A42F0E9C21801EB300009369 /* LanguageViewModel.swift */ = {isa = PBXFileReference; lastKnownFileType = sourcecode.swift; path = LanguageViewModel.swift; sourceTree = "<group>"; };
		A42F0E9E21806B5D00009369 /* LanguageCell.swift */ = {isa = PBXFileReference; lastKnownFileType = sourcecode.swift; path = LanguageCell.swift; sourceTree = "<group>"; };
		A42F0EA021806B7900009369 /* LanguageCellViewModel.swift */ = {isa = PBXFileReference; lastKnownFileType = sourcecode.swift; path = LanguageCellViewModel.swift; sourceTree = "<group>"; };
		A42F0EAC21808A5B00009369 /* en */ = {isa = PBXFileReference; lastKnownFileType = text.plist.strings; name = en; path = en.lproj/Localizable.strings; sourceTree = "<group>"; };
		A42F0EAE21808A5C00009369 /* zh-Hans */ = {isa = PBXFileReference; lastKnownFileType = text.plist.strings; name = "zh-Hans"; path = "zh-Hans.lproj/Localizable.strings"; sourceTree = "<group>"; };
		A42F0EB42180925B00009369 /* en */ = {isa = PBXFileReference; lastKnownFileType = text.plist.strings; name = en; path = en.lproj/infoPlist.strings; sourceTree = "<group>"; };
		A42F0EB62180925C00009369 /* zh-Hans */ = {isa = PBXFileReference; lastKnownFileType = text.plist.strings; name = "zh-Hans"; path = "zh-Hans.lproj/infoPlist.strings"; sourceTree = "<group>"; };
		A42F0EBF2180969600009369 /* Info.plist */ = {isa = PBXFileReference; fileEncoding = 4; lastKnownFileType = text.plist.xml; path = Info.plist; sourceTree = "<group>"; };
		A42F0EC22181B75E00009369 /* LanguageManager.swift */ = {isa = PBXFileReference; lastKnownFileType = sourcecode.swift; path = LanguageManager.swift; sourceTree = "<group>"; };
		A463F7BA217DE9F900EE055A /* DreamClock.app */ = {isa = PBXFileReference; explicitFileType = wrapper.application; includeInIndex = 0; path = DreamClock.app; sourceTree = BUILT_PRODUCTS_DIR; };
		A463F7C2217DE9F900EE055A /* Base */ = {isa = PBXFileReference; lastKnownFileType = file.storyboard; name = Base; path = Base.lproj/Main.storyboard; sourceTree = "<group>"; };
		A463F7C4217DE9FB00EE055A /* Assets.xcassets */ = {isa = PBXFileReference; lastKnownFileType = folder.assetcatalog; path = Assets.xcassets; sourceTree = "<group>"; };
		A463F7CE217DE9FB00EE055A /* DreamClockTests.xctest */ = {isa = PBXFileReference; explicitFileType = wrapper.cfbundle; includeInIndex = 0; path = DreamClockTests.xctest; sourceTree = BUILT_PRODUCTS_DIR; };
		A463F7D2217DE9FB00EE055A /* DreamClockTests.swift */ = {isa = PBXFileReference; lastKnownFileType = sourcecode.swift; path = DreamClockTests.swift; sourceTree = "<group>"; };
		A463F7D4217DE9FB00EE055A /* Info.plist */ = {isa = PBXFileReference; lastKnownFileType = text.plist.xml; path = Info.plist; sourceTree = "<group>"; };
		A463F7D9217DE9FB00EE055A /* DreamClockUITests.xctest */ = {isa = PBXFileReference; explicitFileType = wrapper.cfbundle; includeInIndex = 0; path = DreamClockUITests.xctest; sourceTree = BUILT_PRODUCTS_DIR; };
		A463F7DD217DE9FB00EE055A /* DreamClockUITests.swift */ = {isa = PBXFileReference; lastKnownFileType = sourcecode.swift; path = DreamClockUITests.swift; sourceTree = "<group>"; };
		A463F7DF217DE9FB00EE055A /* Info.plist */ = {isa = PBXFileReference; lastKnownFileType = text.plist.xml; path = Info.plist; sourceTree = "<group>"; };
		A463F7ED217DF48C00EE055A /* R.generated.swift */ = {isa = PBXFileReference; fileEncoding = 4; lastKnownFileType = sourcecode.swift; path = R.generated.swift; sourceTree = "<group>"; };
		A463F7F3217DF58C00EE055A /* LibsManager.swift */ = {isa = PBXFileReference; lastKnownFileType = sourcecode.swift; path = LibsManager.swift; sourceTree = "<group>"; };
		A463F7FE217E0B9200EE055A /* AppDelegate.swift */ = {isa = PBXFileReference; fileEncoding = 4; lastKnownFileType = sourcecode.swift; path = AppDelegate.swift; sourceTree = "<group>"; };
		A463F809217E0C9F00EE055A /* en */ = {isa = PBXFileReference; lastKnownFileType = text.plist.strings; name = en; path = en.lproj/Main.strings; sourceTree = "<group>"; };
		A463F80A217E0CC100EE055A /* Navigator.swift */ = {isa = PBXFileReference; lastKnownFileType = sourcecode.swift; path = Navigator.swift; sourceTree = "<group>"; };
		A463F80C217E0D8800EE055A /* Application.swift */ = {isa = PBXFileReference; lastKnownFileType = sourcecode.swift; path = Application.swift; sourceTree = "<group>"; };
		A463F80F217E0F2000EE055A /* MainTabBarController.swift */ = {isa = PBXFileReference; lastKnownFileType = sourcecode.swift; path = MainTabBarController.swift; sourceTree = "<group>"; };
		A463F811217E0F3C00EE055A /* MainTabBarViewModel.swift */ = {isa = PBXFileReference; lastKnownFileType = sourcecode.swift; path = MainTabBarViewModel.swift; sourceTree = "<group>"; };
		A463F813217E0F6300EE055A /* ViewModelType.swift */ = {isa = PBXFileReference; lastKnownFileType = sourcecode.swift; path = ViewModelType.swift; sourceTree = "<group>"; };
		A463F815217E0FCE00EE055A /* DreamAPI.swift */ = {isa = PBXFileReference; lastKnownFileType = sourcecode.swift; path = DreamAPI.swift; sourceTree = "<group>"; };
		A463F817217E100800EE055A /* LogManager.swift */ = {isa = PBXFileReference; lastKnownFileType = sourcecode.swift; path = LogManager.swift; sourceTree = "<group>"; };
		A463F81A217E107B00EE055A /* AlarmViewModel.swift */ = {isa = PBXFileReference; lastKnownFileType = sourcecode.swift; path = AlarmViewModel.swift; sourceTree = "<group>"; };
		A463F81C217E108700EE055A /* AlarmMainViewController.swift */ = {isa = PBXFileReference; lastKnownFileType = sourcecode.swift; path = AlarmMainViewController.swift; sourceTree = "<group>"; };
		A463F81E217E118900EE055A /* NavigationController.swift */ = {isa = PBXFileReference; lastKnownFileType = sourcecode.swift; path = NavigationController.swift; sourceTree = "<group>"; };
		A463F820217E153600EE055A /* Image.xcassets */ = {isa = PBXFileReference; lastKnownFileType = folder.assetcatalog; path = Image.xcassets; sourceTree = "<group>"; };
		A463F822217E160200EE055A /* ThemeManager.swift */ = {isa = PBXFileReference; lastKnownFileType = sourcecode.swift; path = ThemeManager.swift; sourceTree = "<group>"; };
		A4D7B80E21C1017000CC7177 /* AlarmSchedulerProtocol.swift */ = {isa = PBXFileReference; lastKnownFileType = sourcecode.swift; path = AlarmSchedulerProtocol.swift; sourceTree = "<group>"; };
		A4D7B81021C1043600CC7177 /* AlarmApplicationProtocol.swift */ = {isa = PBXFileReference; lastKnownFileType = sourcecode.swift; path = AlarmApplicationProtocol.swift; sourceTree = "<group>"; };
		A4D7B81321C1339800CC7177 /* Defaults.swift */ = {isa = PBXFileReference; lastKnownFileType = sourcecode.swift; path = Defaults.swift; sourceTree = "<group>"; };
		A4D7B81721C13FA400CC7177 /* DispatchQueue+Extension.swift */ = {isa = PBXFileReference; lastKnownFileType = sourcecode.swift; path = "DispatchQueue+Extension.swift"; sourceTree = "<group>"; };
		A70F96F035A4086457C6F90A /* Pods-DreamClockUITests.release.xcconfig */ = {isa = PBXFileReference; includeInIndex = 1; lastKnownFileType = text.xcconfig; name = "Pods-DreamClockUITests.release.xcconfig"; path = "Pods/Target Support Files/Pods-DreamClockUITests/Pods-DreamClockUITests.release.xcconfig"; sourceTree = "<group>"; };
		D5B94BB28E44BA37BA709025 /* Pods-DreamClockUITests.debug.xcconfig */ = {isa = PBXFileReference; includeInIndex = 1; lastKnownFileType = text.xcconfig; name = "Pods-DreamClockUITests.debug.xcconfig"; path = "Pods/Target Support Files/Pods-DreamClockUITests/Pods-DreamClockUITests.debug.xcconfig"; sourceTree = "<group>"; };
		E5286670B6BE0A195F6A25B5 /* Pods-DreamClock.release.xcconfig */ = {isa = PBXFileReference; includeInIndex = 1; lastKnownFileType = text.xcconfig; name = "Pods-DreamClock.release.xcconfig"; path = "Pods/Target Support Files/Pods-DreamClock/Pods-DreamClock.release.xcconfig"; sourceTree = "<group>"; };
/* End PBXFileReference section */

/* Begin PBXFrameworksBuildPhase section */
		A463F7B7217DE9F900EE055A /* Frameworks */ = {
			isa = PBXFrameworksBuildPhase;
			buildActionMask = 2147483647;
			files = (
				3A0B3C8BCE0A99BF5CB41C60 /* Pods_DreamClock.framework in Frameworks */,
			);
			runOnlyForDeploymentPostprocessing = 0;
		};
		A463F7CB217DE9FB00EE055A /* Frameworks */ = {
			isa = PBXFrameworksBuildPhase;
			buildActionMask = 2147483647;
			files = (
				0CF5EF9E2E874BAF62BD522A /* Pods_DreamClockTests.framework in Frameworks */,
			);
			runOnlyForDeploymentPostprocessing = 0;
		};
		A463F7D6217DE9FB00EE055A /* Frameworks */ = {
			isa = PBXFrameworksBuildPhase;
			buildActionMask = 2147483647;
			files = (
				610ECCB0C4DAB1BCACD16F6B /* Pods_DreamClockUITests.framework in Frameworks */,
			);
			runOnlyForDeploymentPostprocessing = 0;
		};
/* End PBXFrameworksBuildPhase section */

/* Begin PBXGroup section */
		517B839461A7081A72AE72C5 /* Pods */ = {
			isa = PBXGroup;
			children = (
				593B7E3C24C5053FC9AD697E /* Pods-DreamClock.debug.xcconfig */,
				E5286670B6BE0A195F6A25B5 /* Pods-DreamClock.release.xcconfig */,
				4A254640EC4D9130964EB9E4 /* Pods-DreamClockTests.debug.xcconfig */,
				775A0E2953C49A855F0D4CD1 /* Pods-DreamClockTests.release.xcconfig */,
				D5B94BB28E44BA37BA709025 /* Pods-DreamClockUITests.debug.xcconfig */,
				A70F96F035A4086457C6F90A /* Pods-DreamClockUITests.release.xcconfig */,
			);
			name = Pods;
			sourceTree = "<group>";
		};
		7C603E6DC04A4021ACD5484E /* Frameworks */ = {
			isa = PBXGroup;
			children = (
				6992769CB7C46056A5673451 /* Pods_DreamClock.framework */,
				668E924B65372536E809AE1F /* Pods_DreamClockTests.framework */,
				1DE615ED0D42B6BC26A24F35 /* Pods_DreamClockUITests.framework */,
			);
			name = Frameworks;
			sourceTree = "<group>";
		};
		A40D03F821C2874B00EAB2B1 /* Ringtones */ = {
			isa = PBXGroup;
			children = (
				A40D03F921C2877C00EAB2B1 /* bell.mp3 */,
				A40D03FA21C2877C00EAB2B1 /* tickle.mp3 */,
			);
			path = Ringtones;
			sourceTree = "<group>";
		};
		A40D043421C7861C00EAB2B1 /* Change Icon */ = {
			isa = PBXGroup;
			children = (
				A40D043521C7862F00EAB2B1 /* IconViewModel.swift */,
				A40D043921C7868600EAB2B1 /* IconCellViewModel.swift */,
				A40D046021C88B6100EAB2B1 /* IconViewController.swift */,
				A40D046221C88BA600EAB2B1 /* IconCell.swift */,
			);
			path = "Change Icon";
			sourceTree = "<group>";
		};
		A40D044C21C7936200EAB2B1 /* Icon */ = {
			isa = PBXGroup;
			children = (
				A40D045D21C794A500EAB2B1 /* DarkMode */,
			);
			path = Icon;
			sourceTree = "<group>";
		};
		A40D045D21C794A500EAB2B1 /* DarkMode */ = {
			isa = PBXGroup;
			children = (
				A40D048421C89C2D00EAB2B1 /* DarkMode-AppIcon-60@2x.png */,
				A40D048B21C89C2E00EAB2B1 /* DarkMode-AppIcon-60@3x.png */,
				A40D048721C89C2D00EAB2B1 /* DarkMode-AppIcon-Notification@2x.png */,
				A40D048821C89C2D00EAB2B1 /* DarkMode-AppIcon-Notification@3x.png */,
				A40D048921C89C2D00EAB2B1 /* DarkMode-AppIcon-Small-40@2x.png */,
				A40D048621C89C2D00EAB2B1 /* DarkMode-AppIcon-Small-40@3x.png */,
				A40D048521C89C2D00EAB2B1 /* DarkMode-AppIcon-Small@2x.png */,
				A40D048A21C89C2E00EAB2B1 /* DarkMode-AppIcon-Small@3x.png */,
				A40D047521C899F800EAB2B1 /* AppIcon-60@2x.png */,
				A40D047621C899F900EAB2B1 /* AppIcon-60@3x.png */,
				A40D047921C899F900EAB2B1 /* AppIcon-Notification@2x.png */,
				A40D047A21C899F900EAB2B1 /* AppIcon-Notification@3x.png */,
				A40D047B21C899F900EAB2B1 /* AppIcon-Small-40@2x.png */,
				A40D047421C899F800EAB2B1 /* AppIcon-Small-40@3x.png */,
				A40D047721C899F900EAB2B1 /* AppIcon-Small@2x.png */,
				A40D047821C899F900EAB2B1 /* AppIcon-Small@3x.png */,
			);
			path = DarkMode;
			sourceTree = "<group>";
		};
		A40D049421C8A0EB00EAB2B1 /* Language */ = {
			isa = PBXGroup;
			children = (
				A40D068821C8FC6400EAB2B1 /* CountryEnsign.bundle */,
				A42F0EC22181B75E00009369 /* LanguageManager.swift */,
			);
			path = Language;
			sourceTree = "<group>";
		};
		A40D068A21C9012900EAB2B1 /* DispatchQueue */ = {
			isa = PBXGroup;
			children = (
				A4D7B81721C13FA400CC7177 /* DispatchQueue+Extension.swift */,
			);
			path = DispatchQueue;
			sourceTree = "<group>";
		};
		A40D068B21C9013600EAB2B1 /* Calendar */ = {
			isa = PBXGroup;
			children = (
				A40D03EC21C20D3F00EAB2B1 /* Calendar+Extension.swift */,
			);
			path = Calendar;
			sourceTree = "<group>";
		};
		A40D068C21C9014F00EAB2B1 /* Window */ = {
			isa = PBXGroup;
			children = (
				A40D03E821C1F5EF00EAB2B1 /* UIWindow+Extension.swift */,
			);
			path = Window;
			sourceTree = "<group>";
		};
		A40D068D21C9015600EAB2B1 /* Device */ = {
			isa = PBXGroup;
			children = (
				A40D03FF21C36EF800EAB2B1 /* Device+Extension.swift */,
			);
			path = Device;
			sourceTree = "<group>";
		};
		A40D069321C909A700EAB2B1 /* UIApplication */ = {
			isa = PBXGroup;
			children = (
			);
			path = UIApplication;
			sourceTree = "<group>";
		};
		A42F0E4A217F123C00009369 /* Settings */ = {
			isa = PBXGroup;
			children = (
				A40D043421C7861C00EAB2B1 /* Change Icon */,
				A42F0E81217F71A700009369 /* Cells */,
				A42F0E51217F1DFD00009369 /* SettingsViewController.swift */,
				A42F0E53217F1E0900009369 /* SettingsViewModel.swift */,
				A42F0E86217F725F00009369 /* SettingsModel.swift */,
				A42F0E88217F743000009369 /* SettingsSection.swift */,
			);
			path = Settings;
			sourceTree = "<group>";
		};
		A42F0E50217F161F00009369 /* Events */ = {
			isa = PBXGroup;
			children = (
				A42F0E55217F1E1E00009369 /* EventsViewController.swift */,
				A42F0E57217F1E2A00009369 /* EventsViewModel.swift */,
			);
			path = Events;
			sourceTree = "<group>";
		};
		A42F0E5D217F25D000009369 /* Config */ = {
			isa = PBXGroup;
			children = (
				A42F0E5E217F25F300009369 /* Configs.swift */,
				A42F0E71217F658900009369 /* Identifier.swift */,
				A4D7B81321C1339800CC7177 /* Defaults.swift */,
			);
			path = Config;
			sourceTree = "<group>";
		};
		A42F0E66217F5BD600009369 /* Rx */ = {
			isa = PBXGroup;
			children = (
				A42F0E67217F5BFA00009369 /* Observable+Operators.swift */,
				A40D03EE21C2410C00EAB2B1 /* RxIGListKit.swift */,
			);
			path = Rx;
			sourceTree = "<group>";
		};
		A42F0E69217F5C7D00009369 /* UIFont */ = {
			isa = PBXGroup;
			children = (
				A42F0E60217F267900009369 /* UIFont+Dream.swift */,
			);
			path = UIFont;
			sourceTree = "<group>";
		};
		A42F0E6C217F628E00009369 /* Protocol */ = {
			isa = PBXGroup;
			children = (
				A42F0E6D217F62BD00009369 /* PropertyReflectable.swift */,
				A42F0E6F217F63EF00009369 /* Persistable.swift */,
				A4D7B80E21C1017000CC7177 /* AlarmSchedulerProtocol.swift */,
				A4D7B81021C1043600CC7177 /* AlarmApplicationProtocol.swift */,
			);
			path = Protocol;
			sourceTree = "<group>";
		};
		A42F0E73217F69B200009369 /* TableViewCells */ = {
			isa = PBXGroup;
			children = (
				A42F0E74217F69C600009369 /* TableViewCell.swift */,
				A42F0E78217F6A3D00009369 /* SimpleTableViewCell.swift */,
			);
			path = TableViewCells;
			sourceTree = "<group>";
		};
		A42F0E7C217F6AC700009369 /* UIColor */ = {
			isa = PBXGroup;
			children = (
				A42F0E7D217F6AE500009369 /* UIColor+Dream.swift */,
			);
			path = UIColor;
			sourceTree = "<group>";
		};
		A42F0E81217F71A700009369 /* Cells */ = {
			isa = PBXGroup;
			children = (
				A42F0E8A217F795700009369 /* SettingsSwitchCell.swift */,
				A42F0E8C217F79A100009369 /* SettingsSwitchCellViewModel.swift */,
				A42F0E82217F71C700009369 /* SettingsDisclosureCell.swift */,
				A42F0E84217F71E100009369 /* SettingsDisclosureCellViewModel.swift */,
			);
			path = Cells;
			sourceTree = "<group>";
		};
		A42F0E90218006FE00009369 /* Theme */ = {
			isa = PBXGroup;
			children = (
				A42F0E932180075800009369 /* ThemeViewController.swift */,
				A42F0E912180073500009369 /* ThemeViewModel.swift */,
				A42F0E9521800B7000009369 /* ThemeCell.swift */,
				A42F0E9721800B8F00009369 /* ThemeCellViewModel.swift */,
			);
			path = Theme;
			sourceTree = "<group>";
		};
		A42F0E9921801E7F00009369 /* Language */ = {
			isa = PBXGroup;
			children = (
				A42F0E9A21801E9900009369 /* LanguageViewController.swift */,
				A42F0E9C21801EB300009369 /* LanguageViewModel.swift */,
				A42F0E9E21806B5D00009369 /* LanguageCell.swift */,
				A42F0EA021806B7900009369 /* LanguageCellViewModel.swift */,
				A40D06C521D36F3300EAB2B1 /* LanguageSection.swift */,
			);
			path = Language;
			sourceTree = "<group>";
		};
		A463F7B1217DE9F900EE055A = {
			isa = PBXGroup;
			children = (
				A463F7BC217DE9F900EE055A /* DreamClock */,
				A463F7D1217DE9FB00EE055A /* DreamClockTests */,
				A463F7DC217DE9FB00EE055A /* DreamClockUITests */,
				A463F7BB217DE9F900EE055A /* Products */,
				517B839461A7081A72AE72C5 /* Pods */,
				7C603E6DC04A4021ACD5484E /* Frameworks */,
			);
			sourceTree = "<group>";
		};
		A463F7BB217DE9F900EE055A /* Products */ = {
			isa = PBXGroup;
			children = (
				A463F7BA217DE9F900EE055A /* DreamClock.app */,
				A463F7CE217DE9FB00EE055A /* DreamClockTests.xctest */,
				A463F7D9217DE9FB00EE055A /* DreamClockUITests.xctest */,
			);
			name = Products;
			sourceTree = "<group>";
		};
		A463F7BC217DE9F900EE055A /* DreamClock */ = {
			isa = PBXGroup;
			children = (
				A463F7F8217E006C00EE055A /* Application */,
				A463F7FD217E00A500EE055A /* Networking */,
				A463F7FC217E009400EE055A /* Modules */,
				A463F7FB217E008A00EE055A /* Vendor */,
				A463F7FA217E008100EE055A /* Models */,
				A463F7F9217E007800EE055A /* Extensions */,
				A42F0E5D217F25D000009369 /* Config */,
				A463F7F7217E006500EE055A /* Common */,
				A463F7F5217DF59100EE055A /* Manager */,
				A463F7EC217DF42400EE055A /* Resources */,
			);
			path = DreamClock;
			sourceTree = "<group>";
		};
		A463F7D1217DE9FB00EE055A /* DreamClockTests */ = {
			isa = PBXGroup;
			children = (
				A463F7D2217DE9FB00EE055A /* DreamClockTests.swift */,
				A463F7D4217DE9FB00EE055A /* Info.plist */,
			);
			path = DreamClockTests;
			sourceTree = "<group>";
		};
		A463F7DC217DE9FB00EE055A /* DreamClockUITests */ = {
			isa = PBXGroup;
			children = (
				A463F7DD217DE9FB00EE055A /* DreamClockUITests.swift */,
				A463F7DF217DE9FB00EE055A /* Info.plist */,
			);
			path = DreamClockUITests;
			sourceTree = "<group>";
		};
		A463F7EC217DF42400EE055A /* Resources */ = {
			isa = PBXGroup;
			children = (
				A40D044C21C7936200EAB2B1 /* Icon */,
				A40D03F821C2874B00EAB2B1 /* Ringtones */,
				A42F0EBF2180969600009369 /* Info.plist */,
				A463F7C4217DE9FB00EE055A /* Assets.xcassets */,
				A463F7ED217DF48C00EE055A /* R.generated.swift */,
				A463F820217E153600EE055A /* Image.xcassets */,
				A42F0E45217E29CB00009369 /* Launch Screen.storyboard */,
				A42F0EAD21808A5B00009369 /* Localizable.strings */,
				A42F0EB52180925B00009369 /* infoPlist.strings */,
			);
			path = Resources;
			sourceTree = "<group>";
		};
		A463F7F5217DF59100EE055A /* Manager */ = {
			isa = PBXGroup;
			children = (
				A463F7F3217DF58C00EE055A /* LibsManager.swift */,
				A463F817217E100800EE055A /* LogManager.swift */,
				A40D03F621C263EC00EAB2B1 /* FeedbackManager.swift */,
				A463F822217E160200EE055A /* ThemeManager.swift */,
				A40D049421C8A0EB00EAB2B1 /* Language */,
				A40D040121C3871200EAB2B1 /* SoundManager.swift */,
				A40D045E21C7950000EAB2B1 /* IconManager.swift */,
			);
			path = Manager;
			sourceTree = "<group>";
		};
		A463F7F7217E006500EE055A /* Common */ = {
			isa = PBXGroup;
			children = (
				A42F0E73217F69B200009369 /* TableViewCells */,
				A463F813217E0F6300EE055A /* ViewModelType.swift */,
				A463F81E217E118900EE055A /* NavigationController.swift */,
				A42F0E59217F247200009369 /* ViewController.swift */,
				A42F0E5B217F251800009369 /* StackView.swift */,
				A42F0E62217F272700009369 /* View.swift */,
				A42F0E64217F594200009369 /* TableViewController.swift */,
				A42F0E7A217F6A6400009369 /* ImageView.swift */,
				A42F0E7F217F6C8500009369 /* Label.swift */,
				A42F0E8E217F79E700009369 /* Switch.swift */,
			);
			path = Common;
			sourceTree = "<group>";
		};
		A463F7F8217E006C00EE055A /* Application */ = {
			isa = PBXGroup;
			children = (
				A463F7FE217E0B9200EE055A /* AppDelegate.swift */,
				A463F80A217E0CC100EE055A /* Navigator.swift */,
				A463F80C217E0D8800EE055A /* Application.swift */,
			);
			path = Application;
			sourceTree = "<group>";
		};
		A463F7F9217E007800EE055A /* Extensions */ = {
			isa = PBXGroup;
			children = (
				A42F0E7C217F6AC700009369 /* UIColor */,
				A42F0E66217F5BD600009369 /* Rx */,
				A42F0E69217F5C7D00009369 /* UIFont */,
				A40D068A21C9012900EAB2B1 /* DispatchQueue */,
				A40D068B21C9013600EAB2B1 /* Calendar */,
				A40D068C21C9014F00EAB2B1 /* Window */,
				A40D068D21C9015600EAB2B1 /* Device */,
				A40D069321C909A700EAB2B1 /* UIApplication */,
			);
			path = Extensions;
			sourceTree = "<group>";
		};
		A463F7FA217E008100EE055A /* Models */ = {
			isa = PBXGroup;
			children = (
			);
			path = Models;
			sourceTree = "<group>";
		};
		A463F7FB217E008A00EE055A /* Vendor */ = {
			isa = PBXGroup;
			children = (
			);
			path = Vendor;
			sourceTree = "<group>";
		};
		A463F7FC217E009400EE055A /* Modules */ = {
			isa = PBXGroup;
			children = (
				A42F0E9921801E7F00009369 /* Language */,
				A42F0E90218006FE00009369 /* Theme */,
				A42F0E50217F161F00009369 /* Events */,
				A463F819217E106D00EE055A /* Alarm */,
				A42F0E4A217F123C00009369 /* Settings */,
				A463F80E217E0F0E00EE055A /* Main */,
			);
			path = Modules;
			sourceTree = "<group>";
		};
		A463F7FD217E00A500EE055A /* Networking */ = {
			isa = PBXGroup;
			children = (
				A463F815217E0FCE00EE055A /* DreamAPI.swift */,
			);
			path = Networking;
			sourceTree = "<group>";
		};
		A463F80E217E0F0E00EE055A /* Main */ = {
			isa = PBXGroup;
			children = (
				A463F80F217E0F2000EE055A /* MainTabBarController.swift */,
				A463F811217E0F3C00EE055A /* MainTabBarViewModel.swift */,
				A463F7C1217DE9F900EE055A /* Main.storyboard */,
			);
			path = Main;
			sourceTree = "<group>";
		};
		A463F819217E106D00EE055A /* Alarm */ = {
			isa = PBXGroup;
			children = (
				A463F81C217E108700EE055A /* AlarmMainViewController.swift */,
				A40D03F021C2485500EAB2B1 /* AlarmListController.swift */,
				A40D03FD21C34BB600EAB2B1 /* AlarmAddEditViewController.swift */,
				A463F81A217E107B00EE055A /* AlarmViewModel.swift */,
				A42F0E6A217F60E900009369 /* AlarmModel.swift */,
				A40D03EA21C1FA7A00EAB2B1 /* AlarmScheduler.swift */,
				A42F0E6C217F628E00009369 /* Protocol */,
			);
			path = Alarm;
			sourceTree = "<group>";
		};
/* End PBXGroup section */

/* Begin PBXNativeTarget section */
		A463F7B9217DE9F900EE055A /* DreamClock */ = {
			isa = PBXNativeTarget;
			buildConfigurationList = A463F7E2217DE9FB00EE055A /* Build configuration list for PBXNativeTarget "DreamClock" */;
			buildPhases = (
				13D716DBF905F1EA90FA6AB1 /* [CP] Check Pods Manifest.lock */,
				A463F7EB217DF3AE00EE055A /* R.swift */,
				A463F7B6217DE9F900EE055A /* Sources */,
				A463F7B7217DE9F900EE055A /* Frameworks */,
				A463F7B8217DE9F900EE055A /* Resources */,
				E9FA873591652A64F0D14E61 /* [CP] Embed Pods Frameworks */,
			);
			buildRules = (
			);
			dependencies = (
			);
			name = DreamClock;
			productName = DreamClock;
			productReference = A463F7BA217DE9F900EE055A /* DreamClock.app */;
			productType = "com.apple.product-type.application";
		};
		A463F7CD217DE9FB00EE055A /* DreamClockTests */ = {
			isa = PBXNativeTarget;
			buildConfigurationList = A463F7E5217DE9FB00EE055A /* Build configuration list for PBXNativeTarget "DreamClockTests" */;
			buildPhases = (
				0A03444C5CD01011CED595C1 /* [CP] Check Pods Manifest.lock */,
				A463F7CA217DE9FB00EE055A /* Sources */,
				A463F7CB217DE9FB00EE055A /* Frameworks */,
				A463F7CC217DE9FB00EE055A /* Resources */,
			);
			buildRules = (
			);
			dependencies = (
				A463F7D0217DE9FB00EE055A /* PBXTargetDependency */,
			);
			name = DreamClockTests;
			productName = DreamClockTests;
			productReference = A463F7CE217DE9FB00EE055A /* DreamClockTests.xctest */;
			productType = "com.apple.product-type.bundle.unit-test";
		};
		A463F7D8217DE9FB00EE055A /* DreamClockUITests */ = {
			isa = PBXNativeTarget;
			buildConfigurationList = A463F7E8217DE9FB00EE055A /* Build configuration list for PBXNativeTarget "DreamClockUITests" */;
			buildPhases = (
				7EBFC7ACC769E8CAF8C20C07 /* [CP] Check Pods Manifest.lock */,
				A463F7D5217DE9FB00EE055A /* Sources */,
				A463F7D6217DE9FB00EE055A /* Frameworks */,
				A463F7D7217DE9FB00EE055A /* Resources */,
			);
			buildRules = (
			);
			dependencies = (
				A463F7DB217DE9FB00EE055A /* PBXTargetDependency */,
			);
			name = DreamClockUITests;
			productName = DreamClockUITests;
			productReference = A463F7D9217DE9FB00EE055A /* DreamClockUITests.xctest */;
			productType = "com.apple.product-type.bundle.ui-testing";
		};
/* End PBXNativeTarget section */

/* Begin PBXProject section */
		A463F7B2217DE9F900EE055A /* Project object */ = {
			isa = PBXProject;
			attributes = {
				LastSwiftUpdateCheck = 1000;
				LastUpgradeCheck = 1000;
				ORGANIZATIONNAME = "FlyWake Studio";
				TargetAttributes = {
					A463F7B9217DE9F900EE055A = {
						CreatedOnToolsVersion = 10.0;
					};
					A463F7CD217DE9FB00EE055A = {
						CreatedOnToolsVersion = 10.0;
						TestTargetID = A463F7B9217DE9F900EE055A;
					};
					A463F7D8217DE9FB00EE055A = {
						CreatedOnToolsVersion = 10.0;
						TestTargetID = A463F7B9217DE9F900EE055A;
					};
				};
			};
			buildConfigurationList = A463F7B5217DE9F900EE055A /* Build configuration list for PBXProject "DreamClock" */;
			compatibilityVersion = "Xcode 9.3";
			developmentRegion = en;
			hasScannedForEncodings = 0;
			knownRegions = (
				en,
				Base,
				"zh-Hans",
				"en-GB",
				"en-AU",
				"en-IN",
				"zh-Hant",
				"zh-HK",
				ja,
				es,
				fr,
				de,
				ru,
				it,
				ko,
				nl,
			);
			mainGroup = A463F7B1217DE9F900EE055A;
			productRefGroup = A463F7BB217DE9F900EE055A /* Products */;
			projectDirPath = "";
			projectRoot = "";
			targets = (
				A463F7B9217DE9F900EE055A /* DreamClock */,
				A463F7CD217DE9FB00EE055A /* DreamClockTests */,
				A463F7D8217DE9FB00EE055A /* DreamClockUITests */,
			);
		};
/* End PBXProject section */

/* Begin PBXResourcesBuildPhase section */
		A463F7B8217DE9F900EE055A /* Resources */ = {
			isa = PBXResourcesBuildPhase;
			buildActionMask = 2147483647;
			files = (
				A40D048C21C89C2E00EAB2B1 /* DarkMode-AppIcon-60@2x.png in Resources */,
				A42F0EAB21808A5B00009369 /* Localizable.strings in Resources */,
				A40D047C21C899F900EAB2B1 /* AppIcon-Small-40@3x.png in Resources */,
				A40D048121C899F900EAB2B1 /* AppIcon-Notification@2x.png in Resources */,
				A463F821217E153600EE055A /* Image.xcassets in Resources */,
				A42F0EB32180925B00009369 /* infoPlist.strings in Resources */,
				A40D048F21C89C2E00EAB2B1 /* DarkMode-AppIcon-Notification@2x.png in Resources */,
				A40D049221C89C2E00EAB2B1 /* DarkMode-AppIcon-Small@3x.png in Resources */,
				A40D048D21C89C2E00EAB2B1 /* DarkMode-AppIcon-Small@2x.png in Resources */,
				A40D048021C899F900EAB2B1 /* AppIcon-Small@3x.png in Resources */,
				A40D03FB21C2877C00EAB2B1 /* bell.mp3 in Resources */,
				A40D047D21C899F900EAB2B1 /* AppIcon-60@2x.png in Resources */,
				A40D03FC21C2877C00EAB2B1 /* tickle.mp3 in Resources */,
				A40D049121C89C2E00EAB2B1 /* DarkMode-AppIcon-Small-40@2x.png in Resources */,
				A40D048221C899F900EAB2B1 /* AppIcon-Notification@3x.png in Resources */,
				A40D048321C899F900EAB2B1 /* AppIcon-Small-40@2x.png in Resources */,
				A40D049321C89C2E00EAB2B1 /* DarkMode-AppIcon-60@3x.png in Resources */,
				A40D047F21C899F900EAB2B1 /* AppIcon-Small@2x.png in Resources */,
				A463F7C5217DE9FB00EE055A /* Assets.xcassets in Resources */,
				A40D047E21C899F900EAB2B1 /* AppIcon-60@3x.png in Resources */,
				A40D049021C89C2E00EAB2B1 /* DarkMode-AppIcon-Notification@3x.png in Resources */,
				A40D068921C8FC6400EAB2B1 /* CountryEnsign.bundle in Resources */,
				A42F0E43217E29CB00009369 /* Launch Screen.storyboard in Resources */,
				A40D048E21C89C2E00EAB2B1 /* DarkMode-AppIcon-Small-40@3x.png in Resources */,
				A463F7C3217DE9F900EE055A /* Main.storyboard in Resources */,
			);
			runOnlyForDeploymentPostprocessing = 0;
		};
		A463F7CC217DE9FB00EE055A /* Resources */ = {
			isa = PBXResourcesBuildPhase;
			buildActionMask = 2147483647;
			files = (
			);
			runOnlyForDeploymentPostprocessing = 0;
		};
		A463F7D7217DE9FB00EE055A /* Resources */ = {
			isa = PBXResourcesBuildPhase;
			buildActionMask = 2147483647;
			files = (
			);
			runOnlyForDeploymentPostprocessing = 0;
		};
/* End PBXResourcesBuildPhase section */

/* Begin PBXShellScriptBuildPhase section */
		0A03444C5CD01011CED595C1 /* [CP] Check Pods Manifest.lock */ = {
			isa = PBXShellScriptBuildPhase;
			buildActionMask = 2147483647;
			files = (
			);
			inputFileListPaths = (
			);
			inputPaths = (
				"${PODS_PODFILE_DIR_PATH}/Podfile.lock",
				"${PODS_ROOT}/Manifest.lock",
			);
			name = "[CP] Check Pods Manifest.lock";
			outputFileListPaths = (
			);
			outputPaths = (
				"$(DERIVED_FILE_DIR)/Pods-DreamClockTests-checkManifestLockResult.txt",
			);
			runOnlyForDeploymentPostprocessing = 0;
			shellPath = /bin/sh;
			shellScript = "diff \"${PODS_PODFILE_DIR_PATH}/Podfile.lock\" \"${PODS_ROOT}/Manifest.lock\" > /dev/null\nif [ $? != 0 ] ; then\n    # print error to STDERR\n    echo \"error: The sandbox is not in sync with the Podfile.lock. Run 'pod install' or update your CocoaPods installation.\" >&2\n    exit 1\nfi\n# This output is used by Xcode 'outputs' to avoid re-running this script phase.\necho \"SUCCESS\" > \"${SCRIPT_OUTPUT_FILE_0}\"\n";
			showEnvVarsInLog = 0;
		};
		13D716DBF905F1EA90FA6AB1 /* [CP] Check Pods Manifest.lock */ = {
			isa = PBXShellScriptBuildPhase;
			buildActionMask = 2147483647;
			files = (
			);
			inputFileListPaths = (
			);
			inputPaths = (
				"${PODS_PODFILE_DIR_PATH}/Podfile.lock",
				"${PODS_ROOT}/Manifest.lock",
			);
			name = "[CP] Check Pods Manifest.lock";
			outputFileListPaths = (
			);
			outputPaths = (
				"$(DERIVED_FILE_DIR)/Pods-DreamClock-checkManifestLockResult.txt",
			);
			runOnlyForDeploymentPostprocessing = 0;
			shellPath = /bin/sh;
			shellScript = "diff \"${PODS_PODFILE_DIR_PATH}/Podfile.lock\" \"${PODS_ROOT}/Manifest.lock\" > /dev/null\nif [ $? != 0 ] ; then\n    # print error to STDERR\n    echo \"error: The sandbox is not in sync with the Podfile.lock. Run 'pod install' or update your CocoaPods installation.\" >&2\n    exit 1\nfi\n# This output is used by Xcode 'outputs' to avoid re-running this script phase.\necho \"SUCCESS\" > \"${SCRIPT_OUTPUT_FILE_0}\"\n";
			showEnvVarsInLog = 0;
		};
		7EBFC7ACC769E8CAF8C20C07 /* [CP] Check Pods Manifest.lock */ = {
			isa = PBXShellScriptBuildPhase;
			buildActionMask = 2147483647;
			files = (
			);
			inputFileListPaths = (
			);
			inputPaths = (
				"${PODS_PODFILE_DIR_PATH}/Podfile.lock",
				"${PODS_ROOT}/Manifest.lock",
			);
			name = "[CP] Check Pods Manifest.lock";
			outputFileListPaths = (
			);
			outputPaths = (
				"$(DERIVED_FILE_DIR)/Pods-DreamClockUITests-checkManifestLockResult.txt",
			);
			runOnlyForDeploymentPostprocessing = 0;
			shellPath = /bin/sh;
			shellScript = "diff \"${PODS_PODFILE_DIR_PATH}/Podfile.lock\" \"${PODS_ROOT}/Manifest.lock\" > /dev/null\nif [ $? != 0 ] ; then\n    # print error to STDERR\n    echo \"error: The sandbox is not in sync with the Podfile.lock. Run 'pod install' or update your CocoaPods installation.\" >&2\n    exit 1\nfi\n# This output is used by Xcode 'outputs' to avoid re-running this script phase.\necho \"SUCCESS\" > \"${SCRIPT_OUTPUT_FILE_0}\"\n";
			showEnvVarsInLog = 0;
		};
		A463F7EB217DF3AE00EE055A /* R.swift */ = {
			isa = PBXShellScriptBuildPhase;
			buildActionMask = 2147483647;
			files = (
			);
			inputFileListPaths = (
			);
			inputPaths = (
				"$TEMP_DIR/rswift-lastrun",
			);
			name = R.swift;
			outputFileListPaths = (
			);
			outputPaths = (
				"$SRCROOT/DreamClock/Resources/R.generated.swift",
			);
			runOnlyForDeploymentPostprocessing = 0;
			shellPath = /bin/sh;
			shellScript = "\"$PODS_ROOT/R.swift/rswift\" generate \"$SRCROOT/DreamClock/Resources/R.generated.swift\"\n";
		};
		E9FA873591652A64F0D14E61 /* [CP] Embed Pods Frameworks */ = {
			isa = PBXShellScriptBuildPhase;
			buildActionMask = 2147483647;
			files = (
			);
			inputFileListPaths = (
				"${PODS_ROOT}/Target Support Files/Pods-DreamClock/Pods-DreamClock-frameworks-${CONFIGURATION}-input-files.xcfilelist",
			);
			name = "[CP] Embed Pods Frameworks";
			outputFileListPaths = (
				"${PODS_ROOT}/Target Support Files/Pods-DreamClock/Pods-DreamClock-frameworks-${CONFIGURATION}-output-files.xcfilelist",
			);
			runOnlyForDeploymentPostprocessing = 0;
			shellPath = /bin/sh;
			shellScript = "\"${PODS_ROOT}/Target Support Files/Pods-DreamClock/Pods-DreamClock-frameworks.sh\"\n";
			showEnvVarsInLog = 0;
		};
/* End PBXShellScriptBuildPhase section */

/* Begin PBXSourcesBuildPhase section */
		A463F7B6217DE9F900EE055A /* Sources */ = {
			isa = PBXSourcesBuildPhase;
			buildActionMask = 2147483647;
			files = (
				A42F0E79217F6A3D00009369 /* SimpleTableViewCell.swift in Sources */,
				A42F0E61217F267900009369 /* UIFont+Dream.swift in Sources */,
				A463F814217E0F6300EE055A /* ViewModelType.swift in Sources */,
				A42F0E70217F63F000009369 /* Persistable.swift in Sources */,
				A42F0E5A217F247200009369 /* ViewController.swift in Sources */,
				A42F0E9621800B7000009369 /* ThemeCell.swift in Sources */,
				A463F818217E100800EE055A /* LogManager.swift in Sources */,
				A463F823217E160200EE055A /* ThemeManager.swift in Sources */,
				A42F0E9B21801E9900009369 /* LanguageViewController.swift in Sources */,
				A40D03E921C1F5EF00EAB2B1 /* UIWindow+Extension.swift in Sources */,
				A4D7B80F21C1017000CC7177 /* AlarmSchedulerProtocol.swift in Sources */,
				A42F0E8B217F795700009369 /* SettingsSwitchCell.swift in Sources */,
				A42F0E8F217F79E700009369 /* Switch.swift in Sources */,
				A42F0E68217F5BFA00009369 /* Observable+Operators.swift in Sources */,
				A42F0E7B217F6A6400009369 /* ImageView.swift in Sources */,
				A40D043621C7862F00EAB2B1 /* IconViewModel.swift in Sources */,
				A40D043A21C7868600EAB2B1 /* IconCellViewModel.swift in Sources */,
				A42F0E87217F725F00009369 /* SettingsModel.swift in Sources */,
				A42F0E942180075800009369 /* ThemeViewController.swift in Sources */,
				A42F0EC32181B75E00009369 /* LanguageManager.swift in Sources */,
				A40D045F21C7950000EAB2B1 /* IconManager.swift in Sources */,
				A42F0E9D21801EB300009369 /* LanguageViewModel.swift in Sources */,
				A42F0E89217F743000009369 /* SettingsSection.swift in Sources */,
				A463F80D217E0D8800EE055A /* Application.swift in Sources */,
				A40D03EB21C1FA7A00EAB2B1 /* AlarmScheduler.swift in Sources */,
				A463F812217E0F3C00EE055A /* MainTabBarViewModel.swift in Sources */,
				A40D03F721C263EC00EAB2B1 /* FeedbackManager.swift in Sources */,
				A463F7FF217E0B9200EE055A /* AppDelegate.swift in Sources */,
				A42F0EA121806B7900009369 /* LanguageCellViewModel.swift in Sources */,
				A463F81F217E118900EE055A /* NavigationController.swift in Sources */,
				A42F0E63217F272700009369 /* View.swift in Sources */,
				A42F0E83217F71C700009369 /* SettingsDisclosureCell.swift in Sources */,
				A40D03F121C2485500EAB2B1 /* AlarmListController.swift in Sources */,
				A42F0E80217F6C8500009369 /* Label.swift in Sources */,
				A4D7B81421C1339800CC7177 /* Defaults.swift in Sources */,
				A42F0E7E217F6AE500009369 /* UIColor+Dream.swift in Sources */,
				A42F0E6E217F62BD00009369 /* PropertyReflectable.swift in Sources */,
				A463F80B217E0CC100EE055A /* Navigator.swift in Sources */,
				A42F0E85217F71E100009369 /* SettingsDisclosureCellViewModel.swift in Sources */,
				A42F0E72217F658900009369 /* Identifier.swift in Sources */,
				A42F0E75217F69C600009369 /* TableViewCell.swift in Sources */,
				A40D03FE21C34BB600EAB2B1 /* AlarmAddEditViewController.swift in Sources */,
				A42F0E52217F1DFD00009369 /* SettingsViewController.swift in Sources */,
				A4D7B81821C13FA400CC7177 /* DispatchQueue+Extension.swift in Sources */,
				A463F810217E0F2000EE055A /* MainTabBarController.swift in Sources */,
				A42F0E56217F1E1E00009369 /* EventsViewController.swift in Sources */,
				A40D040021C36EF800EAB2B1 /* Device+Extension.swift in Sources */,
				A42F0E9F21806B5D00009369 /* LanguageCell.swift in Sources */,
				A463F81D217E108700EE055A /* AlarmMainViewController.swift in Sources */,
				A463F7F4217DF58C00EE055A /* LibsManager.swift in Sources */,
				A463F816217E0FCE00EE055A /* DreamAPI.swift in Sources */,
				A40D06C621D36F3300EAB2B1 /* LanguageSection.swift in Sources */,
				A463F7EE217DF48C00EE055A /* R.generated.swift in Sources */,
				A40D040221C3871200EAB2B1 /* SoundManager.swift in Sources */,
				A40D046121C88B6100EAB2B1 /* IconViewController.swift in Sources */,
				A40D046321C88BA600EAB2B1 /* IconCell.swift in Sources */,
				A42F0E58217F1E2A00009369 /* EventsViewModel.swift in Sources */,
				A42F0E8D217F79A100009369 /* SettingsSwitchCellViewModel.swift in Sources */,
				A42F0E65217F594200009369 /* TableViewController.swift in Sources */,
				A42F0E6B217F60E900009369 /* AlarmModel.swift in Sources */,
				A463F81B217E107B00EE055A /* AlarmViewModel.swift in Sources */,
				A40D03ED21C20D3F00EAB2B1 /* Calendar+Extension.swift in Sources */,
				A42F0E9821800B8F00009369 /* ThemeCellViewModel.swift in Sources */,
				A42F0E54217F1E0900009369 /* SettingsViewModel.swift in Sources */,
				A40D03EF21C2410C00EAB2B1 /* RxIGListKit.swift in Sources */,
				A4D7B81121C1043600CC7177 /* AlarmApplicationProtocol.swift in Sources */,
				A42F0E5C217F251800009369 /* StackView.swift in Sources */,
				A42F0E922180073500009369 /* ThemeViewModel.swift in Sources */,
				A42F0E5F217F25F300009369 /* Configs.swift in Sources */,
			);
			runOnlyForDeploymentPostprocessing = 0;
		};
		A463F7CA217DE9FB00EE055A /* Sources */ = {
			isa = PBXSourcesBuildPhase;
			buildActionMask = 2147483647;
			files = (
				A463F7D3217DE9FB00EE055A /* DreamClockTests.swift in Sources */,
			);
			runOnlyForDeploymentPostprocessing = 0;
		};
		A463F7D5217DE9FB00EE055A /* Sources */ = {
			isa = PBXSourcesBuildPhase;
			buildActionMask = 2147483647;
			files = (
				A463F7DE217DE9FB00EE055A /* DreamClockUITests.swift in Sources */,
			);
			runOnlyForDeploymentPostprocessing = 0;
		};
/* End PBXSourcesBuildPhase section */

/* Begin PBXTargetDependency section */
		A463F7D0217DE9FB00EE055A /* PBXTargetDependency */ = {
			isa = PBXTargetDependency;
			target = A463F7B9217DE9F900EE055A /* DreamClock */;
			targetProxy = A463F7CF217DE9FB00EE055A /* PBXContainerItemProxy */;
		};
		A463F7DB217DE9FB00EE055A /* PBXTargetDependency */ = {
			isa = PBXTargetDependency;
			target = A463F7B9217DE9F900EE055A /* DreamClock */;
			targetProxy = A463F7DA217DE9FB00EE055A /* PBXContainerItemProxy */;
		};
/* End PBXTargetDependency section */

/* Begin PBXVariantGroup section */
		A42F0E45217E29CB00009369 /* Launch Screen.storyboard */ = {
			isa = PBXVariantGroup;
			children = (
				A42F0E44217E29CB00009369 /* Base */,
				A42F0E47217E29CC00009369 /* en */,
				926DFA8B2268A4440090BD9B /* en-GB */,
				926DFA8D2268A4480090BD9B /* zh-Hans */,
				926DFA8F2268A44C0090BD9B /* en-AU */,
				926DFA912268A4500090BD9B /* en-IN */,
				926DFA932268A4510090BD9B /* zh-Hant */,
				926DFA952268A4520090BD9B /* zh-HK */,
				926DFA972268A4530090BD9B /* ja */,
				926DFA992268A4540090BD9B /* es */,
				926DFA9B2268A4550090BD9B /* fr */,
				926DFA9D2268A4560090BD9B /* de */,
				926DFA9F2268A4560090BD9B /* ru */,
				926DFAA12268A4580090BD9B /* it */,
				926DFAA32268A4590090BD9B /* ko */,
				926DFAA52268A45A0090BD9B /* nl */,
			);
			name = "Launch Screen.storyboard";
			sourceTree = "<group>";
		};
		A42F0EAD21808A5B00009369 /* Localizable.strings */ = {
			isa = PBXVariantGroup;
			children = (
				A42F0EAC21808A5B00009369 /* en */,
				A42F0EAE21808A5C00009369 /* zh-Hans */,
				A40D05B221C8E98E00EAB2B1 /* en-GB */,
				A40D05B621C8E99300EAB2B1 /* en-AU */,
				A40D05BA21C8E99A00EAB2B1 /* en-IN */,
				A40D05BE21C8E9A700EAB2B1 /* zh-Hant */,
				A40D05C221C8E9AB00EAB2B1 /* zh-HK */,
				A40D05C621C8E9B300EAB2B1 /* ja */,
				A40D05CA21C8E9B800EAB2B1 /* es */,
				A40D05CE21C8E9BF00EAB2B1 /* fr */,
				A40D05D221C8E9C400EAB2B1 /* de */,
				A40D05D621C8E9CA00EAB2B1 /* ru */,
				A40D05DA21C8E9D000EAB2B1 /* it */,
				A40D05DE21C8E9D700EAB2B1 /* ko */,
				A40D05E221C8E9DD00EAB2B1 /* nl */,
				926DFAA62268A4810090BD9B /* Base */,
			);
			name = Localizable.strings;
			sourceTree = "<group>";
		};
		A42F0EB52180925B00009369 /* infoPlist.strings */ = {
			isa = PBXVariantGroup;
			children = (
				A42F0EB42180925B00009369 /* en */,
				A42F0EB62180925C00009369 /* zh-Hans */,
				A40D05B321C8E98E00EAB2B1 /* en-GB */,
				A40D05B721C8E99300EAB2B1 /* en-AU */,
				A40D05BB21C8E99A00EAB2B1 /* en-IN */,
				A40D05BF21C8E9A700EAB2B1 /* zh-Hant */,
				A40D05C321C8E9AB00EAB2B1 /* zh-HK */,
				A40D05C721C8E9B300EAB2B1 /* ja */,
				A40D05CB21C8E9B800EAB2B1 /* es */,
				A40D05CF21C8E9BF00EAB2B1 /* fr */,
				A40D05D321C8E9C500EAB2B1 /* de */,
				A40D05D721C8E9CA00EAB2B1 /* ru */,
				A40D05DB21C8E9D000EAB2B1 /* it */,
				A40D05DF21C8E9D700EAB2B1 /* ko */,
				A40D05E321C8E9DD00EAB2B1 /* nl */,
				926DFAA72268A4970090BD9B /* Base */,
			);
			name = infoPlist.strings;
			sourceTree = "<group>";
		};
		A463F7C1217DE9F900EE055A /* Main.storyboard */ = {
			isa = PBXVariantGroup;
			children = (
				A463F7C2217DE9F900EE055A /* Base */,
				A463F809217E0C9F00EE055A /* en */,
				926DFAA92268A56D0090BD9B /* zh-Hans */,
				926DFAAB2268A5710090BD9B /* en-GB */,
				926DFAAD2268A5720090BD9B /* en-AU */,
				926DFAAF2268A5730090BD9B /* en-IN */,
				926DFAB12268A5750090BD9B /* zh-Hant */,
				926DFAB32268A5760090BD9B /* zh-HK */,
				926DFAB52268A57A0090BD9B /* ja */,
				926DFAB72268A57B0090BD9B /* es */,
				926DFAB92268A57C0090BD9B /* fr */,
				926DFABB2268A57E0090BD9B /* de */,
				926DFABD2268A57F0090BD9B /* ru */,
				926DFABF2268A5800090BD9B /* it */,
				926DFAC12268A5810090BD9B /* ko */,
				926DFAC32268A5820090BD9B /* nl */,
			);
			name = Main.storyboard;
			sourceTree = "<group>";
		};
/* End PBXVariantGroup section */

/* Begin XCBuildConfiguration section */
		A463F7E0217DE9FB00EE055A /* Debug */ = {
			isa = XCBuildConfiguration;
			buildSettings = {
				ALWAYS_SEARCH_USER_PATHS = NO;
				CLANG_ANALYZER_LOCALIZABILITY_NONLOCALIZED = YES;
				CLANG_ANALYZER_NONNULL = YES;
				CLANG_ANALYZER_NUMBER_OBJECT_CONVERSION = YES_AGGRESSIVE;
				CLANG_CXX_LANGUAGE_STANDARD = "gnu++14";
				CLANG_CXX_LIBRARY = "libc++";
				CLANG_ENABLE_MODULES = YES;
				CLANG_ENABLE_OBJC_ARC = YES;
				CLANG_ENABLE_OBJC_WEAK = YES;
				CLANG_WARN_BLOCK_CAPTURE_AUTORELEASING = YES;
				CLANG_WARN_BOOL_CONVERSION = YES;
				CLANG_WARN_COMMA = YES;
				CLANG_WARN_CONSTANT_CONVERSION = YES;
				CLANG_WARN_DEPRECATED_OBJC_IMPLEMENTATIONS = YES;
				CLANG_WARN_DIRECT_OBJC_ISA_USAGE = YES_ERROR;
				CLANG_WARN_DOCUMENTATION_COMMENTS = YES;
				CLANG_WARN_EMPTY_BODY = YES;
				CLANG_WARN_ENUM_CONVERSION = YES;
				CLANG_WARN_INFINITE_RECURSION = YES;
				CLANG_WARN_INT_CONVERSION = YES;
				CLANG_WARN_NON_LITERAL_NULL_CONVERSION = YES;
				CLANG_WARN_OBJC_IMPLICIT_RETAIN_SELF = YES;
				CLANG_WARN_OBJC_LITERAL_CONVERSION = YES;
				CLANG_WARN_OBJC_ROOT_CLASS = YES_ERROR;
				CLANG_WARN_RANGE_LOOP_ANALYSIS = YES;
				CLANG_WARN_STRICT_PROTOTYPES = YES;
				CLANG_WARN_SUSPICIOUS_MOVE = YES;
				CLANG_WARN_UNGUARDED_AVAILABILITY = YES_AGGRESSIVE;
				CLANG_WARN_UNREACHABLE_CODE = YES;
				CLANG_WARN__DUPLICATE_METHOD_MATCH = YES;
				CODE_SIGN_IDENTITY = "iPhone Developer";
				COPY_PHASE_STRIP = NO;
				DEBUG_INFORMATION_FORMAT = dwarf;
				ENABLE_STRICT_OBJC_MSGSEND = YES;
				ENABLE_TESTABILITY = YES;
				GCC_C_LANGUAGE_STANDARD = gnu11;
				GCC_DYNAMIC_NO_PIC = NO;
				GCC_NO_COMMON_BLOCKS = YES;
				GCC_OPTIMIZATION_LEVEL = 0;
				GCC_PREPROCESSOR_DEFINITIONS = (
					"DEBUG=1",
					"$(inherited)",
				);
				GCC_WARN_64_TO_32_BIT_CONVERSION = YES;
				GCC_WARN_ABOUT_RETURN_TYPE = YES_ERROR;
				GCC_WARN_UNDECLARED_SELECTOR = YES;
				GCC_WARN_UNINITIALIZED_AUTOS = YES_AGGRESSIVE;
				GCC_WARN_UNUSED_FUNCTION = YES;
				GCC_WARN_UNUSED_VARIABLE = YES;
				IPHONEOS_DEPLOYMENT_TARGET = 10.0;
				MTL_ENABLE_DEBUG_INFO = INCLUDE_SOURCE;
				MTL_FAST_MATH = YES;
				ONLY_ACTIVE_ARCH = YES;
				SDKROOT = iphoneos;
				SWIFT_ACTIVE_COMPILATION_CONDITIONS = DEBUG;
				SWIFT_OPTIMIZATION_LEVEL = "-Onone";
			};
			name = Debug;
		};
		A463F7E1217DE9FB00EE055A /* Release */ = {
			isa = XCBuildConfiguration;
			buildSettings = {
				ALWAYS_SEARCH_USER_PATHS = NO;
				CLANG_ANALYZER_LOCALIZABILITY_NONLOCALIZED = YES;
				CLANG_ANALYZER_NONNULL = YES;
				CLANG_ANALYZER_NUMBER_OBJECT_CONVERSION = YES_AGGRESSIVE;
				CLANG_CXX_LANGUAGE_STANDARD = "gnu++14";
				CLANG_CXX_LIBRARY = "libc++";
				CLANG_ENABLE_MODULES = YES;
				CLANG_ENABLE_OBJC_ARC = YES;
				CLANG_ENABLE_OBJC_WEAK = YES;
				CLANG_WARN_BLOCK_CAPTURE_AUTORELEASING = YES;
				CLANG_WARN_BOOL_CONVERSION = YES;
				CLANG_WARN_COMMA = YES;
				CLANG_WARN_CONSTANT_CONVERSION = YES;
				CLANG_WARN_DEPRECATED_OBJC_IMPLEMENTATIONS = YES;
				CLANG_WARN_DIRECT_OBJC_ISA_USAGE = YES_ERROR;
				CLANG_WARN_DOCUMENTATION_COMMENTS = YES;
				CLANG_WARN_EMPTY_BODY = YES;
				CLANG_WARN_ENUM_CONVERSION = YES;
				CLANG_WARN_INFINITE_RECURSION = YES;
				CLANG_WARN_INT_CONVERSION = YES;
				CLANG_WARN_NON_LITERAL_NULL_CONVERSION = YES;
				CLANG_WARN_OBJC_IMPLICIT_RETAIN_SELF = YES;
				CLANG_WARN_OBJC_LITERAL_CONVERSION = YES;
				CLANG_WARN_OBJC_ROOT_CLASS = YES_ERROR;
				CLANG_WARN_RANGE_LOOP_ANALYSIS = YES;
				CLANG_WARN_STRICT_PROTOTYPES = YES;
				CLANG_WARN_SUSPICIOUS_MOVE = YES;
				CLANG_WARN_UNGUARDED_AVAILABILITY = YES_AGGRESSIVE;
				CLANG_WARN_UNREACHABLE_CODE = YES;
				CLANG_WARN__DUPLICATE_METHOD_MATCH = YES;
				CODE_SIGN_IDENTITY = "iPhone Developer";
				COPY_PHASE_STRIP = NO;
				DEBUG_INFORMATION_FORMAT = "dwarf-with-dsym";
				ENABLE_NS_ASSERTIONS = NO;
				ENABLE_STRICT_OBJC_MSGSEND = YES;
				GCC_C_LANGUAGE_STANDARD = gnu11;
				GCC_NO_COMMON_BLOCKS = YES;
				GCC_WARN_64_TO_32_BIT_CONVERSION = YES;
				GCC_WARN_ABOUT_RETURN_TYPE = YES_ERROR;
				GCC_WARN_UNDECLARED_SELECTOR = YES;
				GCC_WARN_UNINITIALIZED_AUTOS = YES_AGGRESSIVE;
				GCC_WARN_UNUSED_FUNCTION = YES;
				GCC_WARN_UNUSED_VARIABLE = YES;
				IPHONEOS_DEPLOYMENT_TARGET = 10.0;
				MTL_ENABLE_DEBUG_INFO = NO;
				MTL_FAST_MATH = YES;
				SDKROOT = iphoneos;
				SWIFT_COMPILATION_MODE = wholemodule;
				SWIFT_OPTIMIZATION_LEVEL = "-O";
				VALIDATE_PRODUCT = YES;
			};
			name = Release;
		};
		A463F7E3217DE9FB00EE055A /* Debug */ = {
			isa = XCBuildConfiguration;
			baseConfigurationReference = 593B7E3C24C5053FC9AD697E /* Pods-DreamClock.debug.xcconfig */;
			buildSettings = {
				ASSETCATALOG_COMPILER_APPICON_NAME = AppIcon;
				CODE_SIGN_STYLE = Automatic;
				DEVELOPMENT_TEAM = ZX35RMK248;
				INFOPLIST_FILE = "$(SRCROOT)/DreamClock/Resources/Info.plist";
				IPHONEOS_DEPLOYMENT_TARGET = 10.0;
				LD_RUNPATH_SEARCH_PATHS = (
					"$(inherited)",
					"@executable_path/Frameworks",
				);
				OTHER_SWIFT_FLAGS = "$(inherited) \"-D\" \"COCOAPODS\" -D TRACE_RESOURCES";
				PRODUCT_BUNDLE_IDENTIFIER = com.flywake.dreamclock.DreamClock;
				PRODUCT_NAME = "$(TARGET_NAME)";
				SWIFT_VERSION = 5.0;
				TARGETED_DEVICE_FAMILY = 1;
			};
			name = Debug;
		};
		A463F7E4217DE9FB00EE055A /* Release */ = {
			isa = XCBuildConfiguration;
			baseConfigurationReference = E5286670B6BE0A195F6A25B5 /* Pods-DreamClock.release.xcconfig */;
			buildSettings = {
				ASSETCATALOG_COMPILER_APPICON_NAME = AppIcon;
				CODE_SIGN_STYLE = Automatic;
				DEVELOPMENT_TEAM = ZX35RMK248;
				INFOPLIST_FILE = "$(SRCROOT)/DreamClock/Resources/Info.plist";
				IPHONEOS_DEPLOYMENT_TARGET = 10.0;
				LD_RUNPATH_SEARCH_PATHS = (
					"$(inherited)",
					"@executable_path/Frameworks",
				);
				OTHER_SWIFT_FLAGS = "$(inherited) \"-D\" \"COCOAPODS\"";
				PRODUCT_BUNDLE_IDENTIFIER = com.flywake.dreamclock.DreamClock;
				PRODUCT_NAME = "$(TARGET_NAME)";
				SWIFT_VERSION = 5.0;
				TARGETED_DEVICE_FAMILY = 1;
			};
			name = Release;
		};
		A463F7E6217DE9FB00EE055A /* Debug */ = {
			isa = XCBuildConfiguration;
			baseConfigurationReference = 4A254640EC4D9130964EB9E4 /* Pods-DreamClockTests.debug.xcconfig */;
			buildSettings = {
				ALWAYS_EMBED_SWIFT_STANDARD_LIBRARIES = YES;
				BUNDLE_LOADER = "$(TEST_HOST)";
				CODE_SIGN_STYLE = Automatic;
				DEVELOPMENT_TEAM = HU7XTQSZ6Z;
				INFOPLIST_FILE = DreamClockTests/Info.plist;
				LD_RUNPATH_SEARCH_PATHS = (
					"$(inherited)",
					"@executable_path/Frameworks",
					"@loader_path/Frameworks",
				);
				PRODUCT_BUNDLE_IDENTIFIER = com.flywake.dreamclock.DreamClockTests;
				PRODUCT_NAME = "$(TARGET_NAME)";
				SWIFT_VERSION = 4.2;
				TARGETED_DEVICE_FAMILY = "1,2";
				TEST_HOST = "$(BUILT_PRODUCTS_DIR)/DreamClock.app/DreamClock";
			};
			name = Debug;
		};
		A463F7E7217DE9FB00EE055A /* Release */ = {
			isa = XCBuildConfiguration;
			baseConfigurationReference = 775A0E2953C49A855F0D4CD1 /* Pods-DreamClockTests.release.xcconfig */;
			buildSettings = {
				ALWAYS_EMBED_SWIFT_STANDARD_LIBRARIES = YES;
				BUNDLE_LOADER = "$(TEST_HOST)";
				CODE_SIGN_STYLE = Automatic;
				DEVELOPMENT_TEAM = HU7XTQSZ6Z;
				INFOPLIST_FILE = DreamClockTests/Info.plist;
				LD_RUNPATH_SEARCH_PATHS = (
					"$(inherited)",
					"@executable_path/Frameworks",
					"@loader_path/Frameworks",
				);
				PRODUCT_BUNDLE_IDENTIFIER = com.flywake.dreamclock.DreamClockTests;
				PRODUCT_NAME = "$(TARGET_NAME)";
				SWIFT_VERSION = 4.2;
				TARGETED_DEVICE_FAMILY = "1,2";
				TEST_HOST = "$(BUILT_PRODUCTS_DIR)/DreamClock.app/DreamClock";
			};
			name = Release;
		};
		A463F7E9217DE9FB00EE055A /* Debug */ = {
			isa = XCBuildConfiguration;
			baseConfigurationReference = D5B94BB28E44BA37BA709025 /* Pods-DreamClockUITests.debug.xcconfig */;
			buildSettings = {
				ALWAYS_EMBED_SWIFT_STANDARD_LIBRARIES = YES;
				CODE_SIGN_STYLE = Automatic;
				DEVELOPMENT_TEAM = HU7XTQSZ6Z;
				INFOPLIST_FILE = DreamClockUITests/Info.plist;
				LD_RUNPATH_SEARCH_PATHS = (
					"$(inherited)",
					"@executable_path/Frameworks",
					"@loader_path/Frameworks",
				);
				PRODUCT_BUNDLE_IDENTIFIER = com.flywake.dreamclock.DreamClockUITests;
				PRODUCT_NAME = "$(TARGET_NAME)";
				SWIFT_VERSION = 4.2;
				TARGETED_DEVICE_FAMILY = "1,2";
				TEST_TARGET_NAME = DreamClock;
			};
			name = Debug;
		};
		A463F7EA217DE9FB00EE055A /* Release */ = {
			isa = XCBuildConfiguration;
			baseConfigurationReference = A70F96F035A4086457C6F90A /* Pods-DreamClockUITests.release.xcconfig */;
			buildSettings = {
				ALWAYS_EMBED_SWIFT_STANDARD_LIBRARIES = YES;
				CODE_SIGN_STYLE = Automatic;
				DEVELOPMENT_TEAM = HU7XTQSZ6Z;
				INFOPLIST_FILE = DreamClockUITests/Info.plist;
				LD_RUNPATH_SEARCH_PATHS = (
					"$(inherited)",
					"@executable_path/Frameworks",
					"@loader_path/Frameworks",
				);
				PRODUCT_BUNDLE_IDENTIFIER = com.flywake.dreamclock.DreamClockUITests;
				PRODUCT_NAME = "$(TARGET_NAME)";
				SWIFT_VERSION = 4.2;
				TARGETED_DEVICE_FAMILY = "1,2";
				TEST_TARGET_NAME = DreamClock;
			};
			name = Release;
		};
/* End XCBuildConfiguration section */

/* Begin XCConfigurationList section */
		A463F7B5217DE9F900EE055A /* Build configuration list for PBXProject "DreamClock" */ = {
			isa = XCConfigurationList;
			buildConfigurations = (
				A463F7E0217DE9FB00EE055A /* Debug */,
				A463F7E1217DE9FB00EE055A /* Release */,
			);
			defaultConfigurationIsVisible = 0;
			defaultConfigurationName = Release;
		};
		A463F7E2217DE9FB00EE055A /* Build configuration list for PBXNativeTarget "DreamClock" */ = {
			isa = XCConfigurationList;
			buildConfigurations = (
				A463F7E3217DE9FB00EE055A /* Debug */,
				A463F7E4217DE9FB00EE055A /* Release */,
			);
			defaultConfigurationIsVisible = 0;
			defaultConfigurationName = Release;
		};
		A463F7E5217DE9FB00EE055A /* Build configuration list for PBXNativeTarget "DreamClockTests" */ = {
			isa = XCConfigurationList;
			buildConfigurations = (
				A463F7E6217DE9FB00EE055A /* Debug */,
				A463F7E7217DE9FB00EE055A /* Release */,
			);
			defaultConfigurationIsVisible = 0;
			defaultConfigurationName = Release;
		};
		A463F7E8217DE9FB00EE055A /* Build configuration list for PBXNativeTarget "DreamClockUITests" */ = {
			isa = XCConfigurationList;
			buildConfigurations = (
				A463F7E9217DE9FB00EE055A /* Debug */,
				A463F7EA217DE9FB00EE055A /* Release */,
			);
			defaultConfigurationIsVisible = 0;
			defaultConfigurationName = Release;
		};
/* End XCConfigurationList section */
	};
	rootObject = A463F7B2217DE9F900EE055A /* Project object */;
}
